
Microsoft Visual Studio Solution File, Format Version 12.00
Project("{2150E333-8FDC-42A3-9474-1A3956D46DE8}") = "UserService", "UserService", "{C0127DB6-3CA8-EE98-7726-A4993E48C5D4}"
	ProjectSection(SolutionItems) = preProject
		UserService\README.md = UserService\README.md
	EndProjectSection
EndProject
Project("{2150E333-8FDC-42A3-9474-1A3956D46DE8}") = "Application", "Application", "{8B96468D-1D8F-F42C-605E-9122E8FB1888}"
EndProject
Project("{FAE04EC0-301F-11D3-BF4B-00C04F79EFBC}") = "UserService.Application", "UserService\Application\UserService.Application\UserService.Application.csproj", "{E0B48B51-BB9C-4F1E-9BBA-59A2CAA187E1}"
EndProject
Project("{2150E333-8FDC-42A3-9474-1A3956D46DE8}") = "Domain", "Domain", "{069E4DFC-E592-47F2-B0CE-81AC8FFCBA6A}"
EndProject
Project("{FAE04EC0-301F-11D3-BF4B-00C04F79EFBC}") = "UserService.Domain", "UserService\Domain\UserService.Domain\UserService.Domain.csproj", "{E4627033-A31F-4D2A-9136-B1827B9343B1}"
EndProject
Project("{FAE04EC0-301F-11D3-BF4B-00C04F79EFBC}") = "UserService.Domain.Interfaces", "UserService\Domain\UserService.Domain.Interfaces\UserService.Domain.Interfaces.csproj", "{AE7FD07B-DBAE-493B-A785-795C3ABF2B3E}"
EndProject
Project("{2150E333-8FDC-42A3-9474-1A3956D46DE8}") = "Infrastructure", "Infrastructure", "{595F9563-3D59-26C6-A183-AAE7FE995856}"
EndProject
Project("{FAE04EC0-301F-11D3-BF4B-00C04F79EFBC}") = "UserService.Infrastructure", "UserService\Infrastructure\UserService.Infrastructure\UserService.Infrastructure.csproj", "{EA6C2ECE-8EF7-450A-86B8-59526C56DB77}"
EndProject
Project("{FAE04EC0-301F-11D3-BF4B-00C04F79EFBC}") = "UserService.Infrastructure.EntityFramework", "UserService\Infrastructure\UserService.Infrastructure.EntityFramework\UserService.Infrastructure.EntityFramework.csproj", "{435C0A78-E316-46A1-AEBA-5DAF893C9B99}"
EndProject
Project("{FAE04EC0-301F-11D3-BF4B-00C04F79EFBC}") = "UserService.Infrastructure.Repositories", "UserService\Infrastructure\UserService.Infrastructure.Repositories\UserService.Infrastructure.Repositories.csproj", "{EBDC01E3-4FCA-49B5-9B33-9684E551AF28}"
EndProject
Project("{2150E333-8FDC-42A3-9474-1A3956D46DE8}") = "Presentation", "Presentation", "{2DF1F726-572A-CCB8-EC0E-4BC879039FDB}"
EndProject
Project("{FAE04EC0-301F-11D3-BF4B-00C04F79EFBC}") = "UserService.Presentation.API", "UserService\Presentation\UserService.Presentation.API\UserService.Presentation.API.csproj", "{D33B7B0E-0DF3-4090-B0D7-C6DDE09A2CB2}"
EndProject
Project("{2150E333-8FDC-42A3-9474-1A3956D46DE8}") = "GatewayService", "GatewayService", "{0260114B-CB37-D335-5094-0F745459894B}"
EndProject
Project("{FAE04EC0-301F-11D3-BF4B-00C04F79EFBC}") = "GatewayService.API", "GatewayService\GatewayService.API\GatewayService.API.csproj", "{15DF914E-E287-4B3C-8C3B-E6D90E7714AF}"
EndProject
Project("{2150E333-8FDC-42A3-9474-1A3956D46DE8}") = "Shared", "Shared", "{4F52FD11-658E-A102-6CD3-7D7C16FFA15B}"
EndProject
Project("{FAE04EC0-301F-11D3-BF4B-00C04F79EFBC}") = "Shared.RabbitMq", "Shared\Shared.RabbitMq\Shared.RabbitMq.csproj", "{469676B1-E590-4F44-B1C4-2C1419EBE579}"
EndProject
Project("{2150E333-8FDC-42A3-9474-1A3956D46DE8}") = "OrderService", "OrderService", "{1CDB8257-D98E-AF38-204D-5645D4EEB404}"
EndProject
Project("{2150E333-8FDC-42A3-9474-1A3956D46DE8}") = "Application", "Application", "{033B2313-8B84-CDE7-CA7A-C1CABA4DB7EC}"
EndProject
Project("{FAE04EC0-301F-11D3-BF4B-00C04F79EFBC}") = "OrderService.Application", "OrderService\Application\OrderService.Application\OrderService.Application.csproj", "{56435E91-0257-4C5B-BC4C-D0F85EDC8053}"
EndProject
Project("{2150E333-8FDC-42A3-9474-1A3956D46DE8}") = "Domain", "Domain", "{7D070139-CF15-09EB-1852-9C1DA3CA9AA9}"
EndProject
Project("{FAE04EC0-301F-11D3-BF4B-00C04F79EFBC}") = "OrderService.Domain", "OrderService\Domain\OrderService.Domain\OrderService.Domain.csproj", "{774DA842-E8AF-44E0-8602-2D0F45DB9A3B}"
EndProject
Project("{FAE04EC0-301F-11D3-BF4B-00C04F79EFBC}") = "OrderService.Domain.Interfaces", "OrderService\Domain\OrderService.Domain.Interfaces\OrderService.Domain.Interfaces.csproj", "{4AF7566A-7ED2-4752-9840-401472B39982}"
EndProject
Project("{2150E333-8FDC-42A3-9474-1A3956D46DE8}") = "Infrastructure", "Infrastructure", "{9D545741-9A20-2B69-6A87-0A01BDA284A7}"
EndProject
Project("{FAE04EC0-301F-11D3-BF4B-00C04F79EFBC}") = "OrderService.Infrastructure", "OrderService\Infrastructure\OrderService.Infrastructure\OrderService.Infrastructure.csproj", "{46E25EF8-EEBC-425F-AFC8-521D9CD52174}"
EndProject
Project("{FAE04EC0-301F-11D3-BF4B-00C04F79EFBC}") = "OrderService.Infrastructure.EntityFramework", "OrderService\Infrastructure\OrderService.Infrastructure.EntityFramework\OrderService.Infrastructure.EntityFramework.csproj", "{1B57F0ED-8DFD-4EA3-AB25-45DA0A9F90C1}"
EndProject
Project("{FAE04EC0-301F-11D3-BF4B-00C04F79EFBC}") = "OrderService.Infrastructure.Repositories", "OrderService\Infrastructure\OrderService.Infrastructure.Repositories\OrderService.Infrastructure.Repositories.csproj", "{17939F30-3156-4D3B-8C9B-230B3DE5916F}"
EndProject
Project("{2150E333-8FDC-42A3-9474-1A3956D46DE8}") = "Presentation", "Presentation", "{5588339C-0354-0D06-D105-B20869705167}"
EndProject
Project("{FAE04EC0-301F-11D3-BF4B-00C04F79EFBC}") = "OrderService.Presentation.API", "OrderService\Presentation\OrderService.Presentation.API\OrderService.Presentation.API.csproj", "{5779AD56-2231-4933-912A-426BC2A5CE8C}"
EndProject
Project("{2150E333-8FDC-42A3-9474-1A3956D46DE8}") = "BillingService", "BillingService", "{9DB7D0C4-B91E-195B-BB9B-5448D998264E}"
EndProject
Project("{2150E333-8FDC-42A3-9474-1A3956D46DE8}") = "Application", "Application", "{51702195-5E6C-D3AC-3559-6ED49D8B9E16}"
EndProject
Project("{FAE04EC0-301F-11D3-BF4B-00C04F79EFBC}") = "BillingService.Application", "BillingService\Application\BillingService.Application\BillingService.Application.csproj", "{A7463998-C402-446E-980B-C6A858095EF3}"
EndProject
Project("{2150E333-8FDC-42A3-9474-1A3956D46DE8}") = "Domain", "Domain", "{F66F224E-7707-49A2-6D72-6FB0F6F9980C}"
EndProject
Project("{FAE04EC0-301F-11D3-BF4B-00C04F79EFBC}") = "BillingService.Domain", "BillingService\Domain\BillingService.Domain\BillingService.Domain.csproj", "{57E95B55-A519-4787-B3D6-51A8FB41497A}"
EndProject
Project("{FAE04EC0-301F-11D3-BF4B-00C04F79EFBC}") = "BillingService.Domain.Interfaces", "BillingService\Domain\BillingService.Domain.Interfaces\BillingService.Domain.Interfaces.csproj", "{9AB400F9-4522-40AB-85B6-345F5B4FB7F6}"
EndProject
Project("{2150E333-8FDC-42A3-9474-1A3956D46DE8}") = "Infrastructure", "Infrastructure", "{AE94A0C4-40B4-4410-0E5E-779A36EB9384}"
EndProject
Project("{FAE04EC0-301F-11D3-BF4B-00C04F79EFBC}") = "BillingService.Infrastructure", "BillingService\Infrastructure\BillingService.Infrastructure\BillingService.Infrastructure.csproj", "{D5613A12-80D9-4A39-9EAC-4E61DAE85790}"
EndProject
Project("{FAE04EC0-301F-11D3-BF4B-00C04F79EFBC}") = "BillingService.Infrastructure.EntityFramework", "BillingService\Infrastructure\BillingService.Infrastructure.EntityFramework\BillingService.Infrastructure.EntityFramework.csproj", "{9FAD60EB-F61E-41F3-A2A4-87A59D471869}"
EndProject
Project("{FAE04EC0-301F-11D3-BF4B-00C04F79EFBC}") = "BillingService.Infrastructure.Repositories", "BillingService\Infrastructure\BillingService.Infrastructure.Repositories\BillingService.Infrastructure.Repositories.csproj", "{0CBDEE07-49D7-4584-9A77-3B70DDCCA947}"
EndProject
Project("{2150E333-8FDC-42A3-9474-1A3956D46DE8}") = "Presentation", "Presentation", "{C6EA3377-6C69-8D74-64CC-6DE0197E9E88}"
EndProject
Project("{FAE04EC0-301F-11D3-BF4B-00C04F79EFBC}") = "BillingService.Presentation.API", "BillingService\Presentation\BillingService.Presentation.API\BillingService.Presentation.API.csproj", "{7DD50A54-62BB-49E2-ABCC-7195716C27A2}"
EndProject
Project("{2150E333-8FDC-42A3-9474-1A3956D46DE8}") = "NotificationService", "NotificationService", "{0BAE62A9-2200-0262-2CB5-8EE825167370}"
EndProject
Project("{2150E333-8FDC-42A3-9474-1A3956D46DE8}") = "Application", "Application", "{07EBAFAC-320A-547C-0632-B6305003D51B}"
EndProject
Project("{FAE04EC0-301F-11D3-BF4B-00C04F79EFBC}") = "NotificationService.Application", "NotificationService\Application\NotificationService.Application\NotificationService.Application.csproj", "{F297BEDC-24AA-48CB-BE76-C539318CDF7E}"
EndProject
Project("{2150E333-8FDC-42A3-9474-1A3956D46DE8}") = "Domain", "Domain", "{C8C56D90-4D59-2594-550C-F8283CAFF52C}"
EndProject
Project("{FAE04EC0-301F-11D3-BF4B-00C04F79EFBC}") = "NotificationService.Domain", "NotificationService\Domain\NotificationService.Domain\NotificationService.Domain.csproj", "{271669EF-936E-463E-A462-670F3FD1363E}"
EndProject
Project("{FAE04EC0-301F-11D3-BF4B-00C04F79EFBC}") = "NotificationService.Domain.Interfaces", "NotificationService\Domain\NotificationService.Domain.Interfaces\NotificationService.Domain.Interfaces.csproj", "{B573C202-3907-4BF7-821F-82950D5FA004}"
EndProject
Project("{2150E333-8FDC-42A3-9474-1A3956D46DE8}") = "Infrastructure", "Infrastructure", "{3AA46567-1855-4E39-B032-C3EB6C419C86}"
EndProject
Project("{FAE04EC0-301F-11D3-BF4B-00C04F79EFBC}") = "NotificationService.Infrastructure", "NotificationService\Infrastructure\NotificationService.Infrastructure\NotificationService.Infrastructure.csproj", "{06FF27F2-F835-4FAB-A2DE-32611F1DB5A7}"
EndProject
Project("{FAE04EC0-301F-11D3-BF4B-00C04F79EFBC}") = "NotificationService.Infrastructure.EntityFramework", "NotificationService\Infrastructure\NotificationService.Infrastructure.EntityFramework\NotificationService.Infrastructure.EntityFramework.csproj", "{1EC8674B-C088-46AB-AAEB-C319744FCEDD}"
EndProject
Project("{FAE04EC0-301F-11D3-BF4B-00C04F79EFBC}") = "NotificationService.Infrastructure.Repositories", "NotificationService\Infrastructure\NotificationService.Infrastructure.Repositories\NotificationService.Infrastructure.Repositories.csproj", "{BBD2E6D5-59B7-45A1-98DD-B14DDAF099E4}"
EndProject
Project("{2150E333-8FDC-42A3-9474-1A3956D46DE8}") = "Presentation", "Presentation", "{45669EE6-63B1-80F0-AAF0-D16826104A82}"
EndProject
Project("{FAE04EC0-301F-11D3-BF4B-00C04F79EFBC}") = "NotificationService.Presentation.API", "NotificationService\Presentation\NotificationService.Presentation.API\NotificationService.Presentation.API.csproj", "{EF7DA396-B165-4787-8F24-EC0719F90197}"
EndProject
Project("{FAE04EC0-301F-11D3-BF4B-00C04F79EFBC}") = "Shared.ServiceToken", "Shared\Shared.ServiceToken\Shared.ServiceToken.csproj", "{8E1B4CFD-8C88-4174-BBF4-E0E2272D975F}"
EndProject
Project("{2150E333-8FDC-42A3-9474-1A3956D46DE8}") = "DeliveryService", "DeliveryService", "{5AE0A5B9-5AF4-DC15-99C6-BB1AFA64E2E6}"
EndProject
Project("{2150E333-8FDC-42A3-9474-1A3956D46DE8}") = "Application", "Application", "{F3B7DAD4-F71B-1E0D-2FD2-48D63C0D7885}"
EndProject
Project("{FAE04EC0-301F-11D3-BF4B-00C04F79EFBC}") = "DeliveryService.Application", "DeliveryService\Application\DeliveryService.Application\DeliveryService.Application.csproj", "{DFA6BBDE-9D6D-4C8A-B321-6CFAEDD5C9E0}"
EndProject
Project("{2150E333-8FDC-42A3-9474-1A3956D46DE8}") = "Domain", "Domain", "{5F2E51F5-5986-6AE2-A0D1-A1CA6C371C32}"
EndProject
Project("{FAE04EC0-301F-11D3-BF4B-00C04F79EFBC}") = "DeliveryService.Domain", "DeliveryService\Domain\DeliveryService.Domain\DeliveryService.Domain.csproj", "{57C7020D-4485-42F1-9BAF-45D0582E485D}"
EndProject
Project("{FAE04EC0-301F-11D3-BF4B-00C04F79EFBC}") = "DeliveryService.Domain.Interfaces", "DeliveryService\Domain\DeliveryService.Domain.Interfaces\DeliveryService.Domain.Interfaces.csproj", "{4B49AF75-8725-4DAB-A0BA-35B43BD95734}"
EndProject
Project("{2150E333-8FDC-42A3-9474-1A3956D46DE8}") = "Infrastructure", "Infrastructure", "{DEAC3AFA-29C7-9897-A55E-77B01E7B7743}"
EndProject
Project("{FAE04EC0-301F-11D3-BF4B-00C04F79EFBC}") = "DeliveryService.Infrastructure", "DeliveryService\Infrastructure\DeliveryService.Infrastructure\DeliveryService.Infrastructure.csproj", "{379D311F-C6F3-405A-BA94-620213D597F9}"
EndProject
Project("{FAE04EC0-301F-11D3-BF4B-00C04F79EFBC}") = "DeliveryService.Infrastructure.EntityFramework", "DeliveryService\Infrastructure\DeliveryService.Infrastructure.EntityFramework\DeliveryService.Infrastructure.EntityFramework.csproj", "{3C2D7A38-F75B-4532-9C2E-18A59D878672}"
EndProject
Project("{FAE04EC0-301F-11D3-BF4B-00C04F79EFBC}") = "DeliveryService.Infrastructure.Repositories", "DeliveryService\Infrastructure\DeliveryService.Infrastructure.Repositories\DeliveryService.Infrastructure.Repositories.csproj", "{BBF7249A-B3DB-4114-9D57-82BFDE9AA0F0}"
EndProject
Project("{2150E333-8FDC-42A3-9474-1A3956D46DE8}") = "Presentation", "Presentation", "{87918698-D596-A413-3C7B-7178F980D693}"
EndProject
Project("{FAE04EC0-301F-11D3-BF4B-00C04F79EFBC}") = "DeliveryService.Presentation.API", "DeliveryService\Presentation\DeliveryService.Presentation.API\DeliveryService.Presentation.API.csproj", "{C3EFCAE6-2AC4-4D2B-A18B-7771D67CD323}"
EndProject
Project("{2150E333-8FDC-42A3-9474-1A3956D46DE8}") = "InventoryService", "InventoryService", "{2C0108AB-5D27-61AE-3E27-841A964D9CD4}"
EndProject
Project("{2150E333-8FDC-42A3-9474-1A3956D46DE8}") = "Application", "Application", "{893ADBF7-C93E-5855-0402-67C31A02E0A4}"
EndProject
Project("{FAE04EC0-301F-11D3-BF4B-00C04F79EFBC}") = "InventoryService.Application", "InventoryService\Application\InventoryService.Application\InventoryService.Application.csproj", "{54ED6ACC-6DE7-4499-BDD5-8E965B61A44D}"
EndProject
Project("{2150E333-8FDC-42A3-9474-1A3956D46DE8}") = "Domain", "Domain", "{0C2D965E-A99B-E72D-70CF-F0B07F234992}"
EndProject
Project("{FAE04EC0-301F-11D3-BF4B-00C04F79EFBC}") = "InventoryService.Domain", "InventoryService\Domain\InventoryService.Domain\InventoryService.Domain.csproj", "{470DAE1D-FEA4-44E7-87D3-B420C14B1EDD}"
EndProject
Project("{FAE04EC0-301F-11D3-BF4B-00C04F79EFBC}") = "InventoryService.Domain.Interfaces", "InventoryService\Domain\InventoryService.Domain.Interfaces\InventoryService.Domain.Interfaces.csproj", "{36F4D0F7-C059-4F65-B3EC-CD38D442D004}"
EndProject
Project("{2150E333-8FDC-42A3-9474-1A3956D46DE8}") = "Infrastructure", "Infrastructure", "{DDCCA3F9-26FA-E41C-BC16-CBCE39BC2A37}"
EndProject
Project("{FAE04EC0-301F-11D3-BF4B-00C04F79EFBC}") = "InventoryService.Infrastructure", "InventoryService\Infrastructure\InventoryService.Infrastructure\InventoryService.Infrastructure.csproj", "{750586F4-1643-4A1B-BBA2-F288FD87A7F2}"
EndProject
Project("{FAE04EC0-301F-11D3-BF4B-00C04F79EFBC}") = "InventoryService.Infrastructure.EntityFramework", "InventoryService\Infrastructure\InventoryService.Infrastructure.EntityFramework\InventoryService.Infrastructure.EntityFramework.csproj", "{1475A805-B9FB-4851-B4FE-B427AB1FC437}"
EndProject
Project("{FAE04EC0-301F-11D3-BF4B-00C04F79EFBC}") = "InventoryService.Infrastructure.Repositories", "InventoryService\Infrastructure\InventoryService.Infrastructure.Repositories\InventoryService.Infrastructure.Repositories.csproj", "{E534911D-BFD2-4A33-AE6E-E66D8B6B026A}"
EndProject
Project("{2150E333-8FDC-42A3-9474-1A3956D46DE8}") = "Presentation", "Presentation", "{6F6DA4C0-ED60-D313-6E96-48BAAD690A94}"
EndProject
Project("{FAE04EC0-301F-11D3-BF4B-00C04F79EFBC}") = "InventoryService.Presentation.API", "InventoryService\Presentation\InventoryService.Presentation.API\InventoryService.Presentation.API.csproj", "{C22EE5FD-E1A8-4EB3-91BB-746FA509327D}"
EndProject
Global
	GlobalSection(SolutionConfigurationPlatforms) = preSolution
		Debug|Any CPU = Debug|Any CPU
		Debug|x64 = Debug|x64
		Debug|x86 = Debug|x86
		Release|Any CPU = Release|Any CPU
		Release|x64 = Release|x64
		Release|x86 = Release|x86
	EndGlobalSection
	GlobalSection(ProjectConfigurationPlatforms) = postSolution
		{E0B48B51-BB9C-4F1E-9BBA-59A2CAA187E1}.Debug|Any CPU.ActiveCfg = Debug|Any CPU
		{E0B48B51-BB9C-4F1E-9BBA-59A2CAA187E1}.Debug|Any CPU.Build.0 = Debug|Any CPU
		{E0B48B51-BB9C-4F1E-9BBA-59A2CAA187E1}.Debug|x64.ActiveCfg = Debug|Any CPU
		{E0B48B51-BB9C-4F1E-9BBA-59A2CAA187E1}.Debug|x64.Build.0 = Debug|Any CPU
		{E0B48B51-BB9C-4F1E-9BBA-59A2CAA187E1}.Debug|x86.ActiveCfg = Debug|Any CPU
		{E0B48B51-BB9C-4F1E-9BBA-59A2CAA187E1}.Debug|x86.Build.0 = Debug|Any CPU
		{E0B48B51-BB9C-4F1E-9BBA-59A2CAA187E1}.Release|Any CPU.ActiveCfg = Release|Any CPU
		{E0B48B51-BB9C-4F1E-9BBA-59A2CAA187E1}.Release|Any CPU.Build.0 = Release|Any CPU
		{E0B48B51-BB9C-4F1E-9BBA-59A2CAA187E1}.Release|x64.ActiveCfg = Release|Any CPU
		{E0B48B51-BB9C-4F1E-9BBA-59A2CAA187E1}.Release|x64.Build.0 = Release|Any CPU
		{E0B48B51-BB9C-4F1E-9BBA-59A2CAA187E1}.Release|x86.ActiveCfg = Release|Any CPU
		{E0B48B51-BB9C-4F1E-9BBA-59A2CAA187E1}.Release|x86.Build.0 = Release|Any CPU
		{E4627033-A31F-4D2A-9136-B1827B9343B1}.Debug|Any CPU.ActiveCfg = Debug|Any CPU
		{E4627033-A31F-4D2A-9136-B1827B9343B1}.Debug|Any CPU.Build.0 = Debug|Any CPU
		{E4627033-A31F-4D2A-9136-B1827B9343B1}.Debug|x64.ActiveCfg = Debug|Any CPU
		{E4627033-A31F-4D2A-9136-B1827B9343B1}.Debug|x64.Build.0 = Debug|Any CPU
		{E4627033-A31F-4D2A-9136-B1827B9343B1}.Debug|x86.ActiveCfg = Debug|Any CPU
		{E4627033-A31F-4D2A-9136-B1827B9343B1}.Debug|x86.Build.0 = Debug|Any CPU
		{E4627033-A31F-4D2A-9136-B1827B9343B1}.Release|Any CPU.ActiveCfg = Release|Any CPU
		{E4627033-A31F-4D2A-9136-B1827B9343B1}.Release|Any CPU.Build.0 = Release|Any CPU
		{E4627033-A31F-4D2A-9136-B1827B9343B1}.Release|x64.ActiveCfg = Release|Any CPU
		{E4627033-A31F-4D2A-9136-B1827B9343B1}.Release|x64.Build.0 = Release|Any CPU
		{E4627033-A31F-4D2A-9136-B1827B9343B1}.Release|x86.ActiveCfg = Release|Any CPU
		{E4627033-A31F-4D2A-9136-B1827B9343B1}.Release|x86.Build.0 = Release|Any CPU
		{AE7FD07B-DBAE-493B-A785-795C3ABF2B3E}.Debug|Any CPU.ActiveCfg = Debug|Any CPU
		{AE7FD07B-DBAE-493B-A785-795C3ABF2B3E}.Debug|Any CPU.Build.0 = Debug|Any CPU
		{AE7FD07B-DBAE-493B-A785-795C3ABF2B3E}.Debug|x64.ActiveCfg = Debug|Any CPU
		{AE7FD07B-DBAE-493B-A785-795C3ABF2B3E}.Debug|x64.Build.0 = Debug|Any CPU
		{AE7FD07B-DBAE-493B-A785-795C3ABF2B3E}.Debug|x86.ActiveCfg = Debug|Any CPU
		{AE7FD07B-DBAE-493B-A785-795C3ABF2B3E}.Debug|x86.Build.0 = Debug|Any CPU
		{AE7FD07B-DBAE-493B-A785-795C3ABF2B3E}.Release|Any CPU.ActiveCfg = Release|Any CPU
		{AE7FD07B-DBAE-493B-A785-795C3ABF2B3E}.Release|Any CPU.Build.0 = Release|Any CPU
		{AE7FD07B-DBAE-493B-A785-795C3ABF2B3E}.Release|x64.ActiveCfg = Release|Any CPU
		{AE7FD07B-DBAE-493B-A785-795C3ABF2B3E}.Release|x64.Build.0 = Release|Any CPU
		{AE7FD07B-DBAE-493B-A785-795C3ABF2B3E}.Release|x86.ActiveCfg = Release|Any CPU
		{AE7FD07B-DBAE-493B-A785-795C3ABF2B3E}.Release|x86.Build.0 = Release|Any CPU
		{EA6C2ECE-8EF7-450A-86B8-59526C56DB77}.Debug|Any CPU.ActiveCfg = Debug|Any CPU
		{EA6C2ECE-8EF7-450A-86B8-59526C56DB77}.Debug|Any CPU.Build.0 = Debug|Any CPU
		{EA6C2ECE-8EF7-450A-86B8-59526C56DB77}.Debug|x64.ActiveCfg = Debug|Any CPU
		{EA6C2ECE-8EF7-450A-86B8-59526C56DB77}.Debug|x64.Build.0 = Debug|Any CPU
		{EA6C2ECE-8EF7-450A-86B8-59526C56DB77}.Debug|x86.ActiveCfg = Debug|Any CPU
		{EA6C2ECE-8EF7-450A-86B8-59526C56DB77}.Debug|x86.Build.0 = Debug|Any CPU
		{EA6C2ECE-8EF7-450A-86B8-59526C56DB77}.Release|Any CPU.ActiveCfg = Release|Any CPU
		{EA6C2ECE-8EF7-450A-86B8-59526C56DB77}.Release|Any CPU.Build.0 = Release|Any CPU
		{EA6C2ECE-8EF7-450A-86B8-59526C56DB77}.Release|x64.ActiveCfg = Release|Any CPU
		{EA6C2ECE-8EF7-450A-86B8-59526C56DB77}.Release|x64.Build.0 = Release|Any CPU
		{EA6C2ECE-8EF7-450A-86B8-59526C56DB77}.Release|x86.ActiveCfg = Release|Any CPU
		{EA6C2ECE-8EF7-450A-86B8-59526C56DB77}.Release|x86.Build.0 = Release|Any CPU
		{435C0A78-E316-46A1-AEBA-5DAF893C9B99}.Debug|Any CPU.ActiveCfg = Debug|Any CPU
		{435C0A78-E316-46A1-AEBA-5DAF893C9B99}.Debug|Any CPU.Build.0 = Debug|Any CPU
		{435C0A78-E316-46A1-AEBA-5DAF893C9B99}.Debug|x64.ActiveCfg = Debug|Any CPU
		{435C0A78-E316-46A1-AEBA-5DAF893C9B99}.Debug|x64.Build.0 = Debug|Any CPU
		{435C0A78-E316-46A1-AEBA-5DAF893C9B99}.Debug|x86.ActiveCfg = Debug|Any CPU
		{435C0A78-E316-46A1-AEBA-5DAF893C9B99}.Debug|x86.Build.0 = Debug|Any CPU
		{435C0A78-E316-46A1-AEBA-5DAF893C9B99}.Release|Any CPU.ActiveCfg = Release|Any CPU
		{435C0A78-E316-46A1-AEBA-5DAF893C9B99}.Release|Any CPU.Build.0 = Release|Any CPU
		{435C0A78-E316-46A1-AEBA-5DAF893C9B99}.Release|x64.ActiveCfg = Release|Any CPU
		{435C0A78-E316-46A1-AEBA-5DAF893C9B99}.Release|x64.Build.0 = Release|Any CPU
		{435C0A78-E316-46A1-AEBA-5DAF893C9B99}.Release|x86.ActiveCfg = Release|Any CPU
		{435C0A78-E316-46A1-AEBA-5DAF893C9B99}.Release|x86.Build.0 = Release|Any CPU
		{EBDC01E3-4FCA-49B5-9B33-9684E551AF28}.Debug|Any CPU.ActiveCfg = Debug|Any CPU
		{EBDC01E3-4FCA-49B5-9B33-9684E551AF28}.Debug|Any CPU.Build.0 = Debug|Any CPU
		{EBDC01E3-4FCA-49B5-9B33-9684E551AF28}.Debug|x64.ActiveCfg = Debug|Any CPU
		{EBDC01E3-4FCA-49B5-9B33-9684E551AF28}.Debug|x64.Build.0 = Debug|Any CPU
		{EBDC01E3-4FCA-49B5-9B33-9684E551AF28}.Debug|x86.ActiveCfg = Debug|Any CPU
		{EBDC01E3-4FCA-49B5-9B33-9684E551AF28}.Debug|x86.Build.0 = Debug|Any CPU
		{EBDC01E3-4FCA-49B5-9B33-9684E551AF28}.Release|Any CPU.ActiveCfg = Release|Any CPU
		{EBDC01E3-4FCA-49B5-9B33-9684E551AF28}.Release|Any CPU.Build.0 = Release|Any CPU
		{EBDC01E3-4FCA-49B5-9B33-9684E551AF28}.Release|x64.ActiveCfg = Release|Any CPU
		{EBDC01E3-4FCA-49B5-9B33-9684E551AF28}.Release|x64.Build.0 = Release|Any CPU
		{EBDC01E3-4FCA-49B5-9B33-9684E551AF28}.Release|x86.ActiveCfg = Release|Any CPU
		{EBDC01E3-4FCA-49B5-9B33-9684E551AF28}.Release|x86.Build.0 = Release|Any CPU
		{D33B7B0E-0DF3-4090-B0D7-C6DDE09A2CB2}.Debug|Any CPU.ActiveCfg = Debug|Any CPU
		{D33B7B0E-0DF3-4090-B0D7-C6DDE09A2CB2}.Debug|Any CPU.Build.0 = Debug|Any CPU
		{D33B7B0E-0DF3-4090-B0D7-C6DDE09A2CB2}.Debug|x64.ActiveCfg = Debug|Any CPU
		{D33B7B0E-0DF3-4090-B0D7-C6DDE09A2CB2}.Debug|x64.Build.0 = Debug|Any CPU
		{D33B7B0E-0DF3-4090-B0D7-C6DDE09A2CB2}.Debug|x86.ActiveCfg = Debug|Any CPU
		{D33B7B0E-0DF3-4090-B0D7-C6DDE09A2CB2}.Debug|x86.Build.0 = Debug|Any CPU
		{D33B7B0E-0DF3-4090-B0D7-C6DDE09A2CB2}.Release|Any CPU.ActiveCfg = Release|Any CPU
		{D33B7B0E-0DF3-4090-B0D7-C6DDE09A2CB2}.Release|Any CPU.Build.0 = Release|Any CPU
		{D33B7B0E-0DF3-4090-B0D7-C6DDE09A2CB2}.Release|x64.ActiveCfg = Release|Any CPU
		{D33B7B0E-0DF3-4090-B0D7-C6DDE09A2CB2}.Release|x64.Build.0 = Release|Any CPU
		{D33B7B0E-0DF3-4090-B0D7-C6DDE09A2CB2}.Release|x86.ActiveCfg = Release|Any CPU
		{D33B7B0E-0DF3-4090-B0D7-C6DDE09A2CB2}.Release|x86.Build.0 = Release|Any CPU
		{15DF914E-E287-4B3C-8C3B-E6D90E7714AF}.Debug|Any CPU.ActiveCfg = Debug|Any CPU
		{15DF914E-E287-4B3C-8C3B-E6D90E7714AF}.Debug|Any CPU.Build.0 = Debug|Any CPU
		{15DF914E-E287-4B3C-8C3B-E6D90E7714AF}.Debug|x64.ActiveCfg = Debug|Any CPU
		{15DF914E-E287-4B3C-8C3B-E6D90E7714AF}.Debug|x64.Build.0 = Debug|Any CPU
		{15DF914E-E287-4B3C-8C3B-E6D90E7714AF}.Debug|x86.ActiveCfg = Debug|Any CPU
		{15DF914E-E287-4B3C-8C3B-E6D90E7714AF}.Debug|x86.Build.0 = Debug|Any CPU
		{15DF914E-E287-4B3C-8C3B-E6D90E7714AF}.Release|Any CPU.ActiveCfg = Release|Any CPU
		{15DF914E-E287-4B3C-8C3B-E6D90E7714AF}.Release|Any CPU.Build.0 = Release|Any CPU
		{15DF914E-E287-4B3C-8C3B-E6D90E7714AF}.Release|x64.ActiveCfg = Release|Any CPU
		{15DF914E-E287-4B3C-8C3B-E6D90E7714AF}.Release|x64.Build.0 = Release|Any CPU
		{15DF914E-E287-4B3C-8C3B-E6D90E7714AF}.Release|x86.ActiveCfg = Release|Any CPU
		{15DF914E-E287-4B3C-8C3B-E6D90E7714AF}.Release|x86.Build.0 = Release|Any CPU
		{469676B1-E590-4F44-B1C4-2C1419EBE579}.Debug|Any CPU.ActiveCfg = Debug|Any CPU
		{469676B1-E590-4F44-B1C4-2C1419EBE579}.Debug|Any CPU.Build.0 = Debug|Any CPU
		{469676B1-E590-4F44-B1C4-2C1419EBE579}.Debug|x64.ActiveCfg = Debug|Any CPU
		{469676B1-E590-4F44-B1C4-2C1419EBE579}.Debug|x64.Build.0 = Debug|Any CPU
		{469676B1-E590-4F44-B1C4-2C1419EBE579}.Debug|x86.ActiveCfg = Debug|Any CPU
		{469676B1-E590-4F44-B1C4-2C1419EBE579}.Debug|x86.Build.0 = Debug|Any CPU
		{469676B1-E590-4F44-B1C4-2C1419EBE579}.Release|Any CPU.ActiveCfg = Release|Any CPU
		{469676B1-E590-4F44-B1C4-2C1419EBE579}.Release|Any CPU.Build.0 = Release|Any CPU
		{469676B1-E590-4F44-B1C4-2C1419EBE579}.Release|x64.ActiveCfg = Release|Any CPU
		{469676B1-E590-4F44-B1C4-2C1419EBE579}.Release|x64.Build.0 = Release|Any CPU
		{469676B1-E590-4F44-B1C4-2C1419EBE579}.Release|x86.ActiveCfg = Release|Any CPU
		{469676B1-E590-4F44-B1C4-2C1419EBE579}.Release|x86.Build.0 = Release|Any CPU
		{56435E91-0257-4C5B-BC4C-D0F85EDC8053}.Debug|Any CPU.ActiveCfg = Debug|Any CPU
		{56435E91-0257-4C5B-BC4C-D0F85EDC8053}.Debug|Any CPU.Build.0 = Debug|Any CPU
		{56435E91-0257-4C5B-BC4C-D0F85EDC8053}.Debug|x64.ActiveCfg = Debug|Any CPU
		{56435E91-0257-4C5B-BC4C-D0F85EDC8053}.Debug|x64.Build.0 = Debug|Any CPU
		{56435E91-0257-4C5B-BC4C-D0F85EDC8053}.Debug|x86.ActiveCfg = Debug|Any CPU
		{56435E91-0257-4C5B-BC4C-D0F85EDC8053}.Debug|x86.Build.0 = Debug|Any CPU
		{56435E91-0257-4C5B-BC4C-D0F85EDC8053}.Release|Any CPU.ActiveCfg = Release|Any CPU
		{56435E91-0257-4C5B-BC4C-D0F85EDC8053}.Release|Any CPU.Build.0 = Release|Any CPU
		{56435E91-0257-4C5B-BC4C-D0F85EDC8053}.Release|x64.ActiveCfg = Release|Any CPU
		{56435E91-0257-4C5B-BC4C-D0F85EDC8053}.Release|x64.Build.0 = Release|Any CPU
		{56435E91-0257-4C5B-BC4C-D0F85EDC8053}.Release|x86.ActiveCfg = Release|Any CPU
		{56435E91-0257-4C5B-BC4C-D0F85EDC8053}.Release|x86.Build.0 = Release|Any CPU
		{774DA842-E8AF-44E0-8602-2D0F45DB9A3B}.Debug|Any CPU.ActiveCfg = Debug|Any CPU
		{774DA842-E8AF-44E0-8602-2D0F45DB9A3B}.Debug|Any CPU.Build.0 = Debug|Any CPU
		{774DA842-E8AF-44E0-8602-2D0F45DB9A3B}.Debug|x64.ActiveCfg = Debug|Any CPU
		{774DA842-E8AF-44E0-8602-2D0F45DB9A3B}.Debug|x64.Build.0 = Debug|Any CPU
		{774DA842-E8AF-44E0-8602-2D0F45DB9A3B}.Debug|x86.ActiveCfg = Debug|Any CPU
		{774DA842-E8AF-44E0-8602-2D0F45DB9A3B}.Debug|x86.Build.0 = Debug|Any CPU
		{774DA842-E8AF-44E0-8602-2D0F45DB9A3B}.Release|Any CPU.ActiveCfg = Release|Any CPU
		{774DA842-E8AF-44E0-8602-2D0F45DB9A3B}.Release|Any CPU.Build.0 = Release|Any CPU
		{774DA842-E8AF-44E0-8602-2D0F45DB9A3B}.Release|x64.ActiveCfg = Release|Any CPU
		{774DA842-E8AF-44E0-8602-2D0F45DB9A3B}.Release|x64.Build.0 = Release|Any CPU
		{774DA842-E8AF-44E0-8602-2D0F45DB9A3B}.Release|x86.ActiveCfg = Release|Any CPU
		{774DA842-E8AF-44E0-8602-2D0F45DB9A3B}.Release|x86.Build.0 = Release|Any CPU
		{4AF7566A-7ED2-4752-9840-401472B39982}.Debug|Any CPU.ActiveCfg = Debug|Any CPU
		{4AF7566A-7ED2-4752-9840-401472B39982}.Debug|Any CPU.Build.0 = Debug|Any CPU
		{4AF7566A-7ED2-4752-9840-401472B39982}.Debug|x64.ActiveCfg = Debug|Any CPU
		{4AF7566A-7ED2-4752-9840-401472B39982}.Debug|x64.Build.0 = Debug|Any CPU
		{4AF7566A-7ED2-4752-9840-401472B39982}.Debug|x86.ActiveCfg = Debug|Any CPU
		{4AF7566A-7ED2-4752-9840-401472B39982}.Debug|x86.Build.0 = Debug|Any CPU
		{4AF7566A-7ED2-4752-9840-401472B39982}.Release|Any CPU.ActiveCfg = Release|Any CPU
		{4AF7566A-7ED2-4752-9840-401472B39982}.Release|Any CPU.Build.0 = Release|Any CPU
		{4AF7566A-7ED2-4752-9840-401472B39982}.Release|x64.ActiveCfg = Release|Any CPU
		{4AF7566A-7ED2-4752-9840-401472B39982}.Release|x64.Build.0 = Release|Any CPU
		{4AF7566A-7ED2-4752-9840-401472B39982}.Release|x86.ActiveCfg = Release|Any CPU
		{4AF7566A-7ED2-4752-9840-401472B39982}.Release|x86.Build.0 = Release|Any CPU
		{46E25EF8-EEBC-425F-AFC8-521D9CD52174}.Debug|Any CPU.ActiveCfg = Debug|Any CPU
		{46E25EF8-EEBC-425F-AFC8-521D9CD52174}.Debug|Any CPU.Build.0 = Debug|Any CPU
		{46E25EF8-EEBC-425F-AFC8-521D9CD52174}.Debug|x64.ActiveCfg = Debug|Any CPU
		{46E25EF8-EEBC-425F-AFC8-521D9CD52174}.Debug|x64.Build.0 = Debug|Any CPU
		{46E25EF8-EEBC-425F-AFC8-521D9CD52174}.Debug|x86.ActiveCfg = Debug|Any CPU
		{46E25EF8-EEBC-425F-AFC8-521D9CD52174}.Debug|x86.Build.0 = Debug|Any CPU
		{46E25EF8-EEBC-425F-AFC8-521D9CD52174}.Release|Any CPU.ActiveCfg = Release|Any CPU
		{46E25EF8-EEBC-425F-AFC8-521D9CD52174}.Release|Any CPU.Build.0 = Release|Any CPU
		{46E25EF8-EEBC-425F-AFC8-521D9CD52174}.Release|x64.ActiveCfg = Release|Any CPU
		{46E25EF8-EEBC-425F-AFC8-521D9CD52174}.Release|x64.Build.0 = Release|Any CPU
		{46E25EF8-EEBC-425F-AFC8-521D9CD52174}.Release|x86.ActiveCfg = Release|Any CPU
		{46E25EF8-EEBC-425F-AFC8-521D9CD52174}.Release|x86.Build.0 = Release|Any CPU
		{1B57F0ED-8DFD-4EA3-AB25-45DA0A9F90C1}.Debug|Any CPU.ActiveCfg = Debug|Any CPU
		{1B57F0ED-8DFD-4EA3-AB25-45DA0A9F90C1}.Debug|Any CPU.Build.0 = Debug|Any CPU
		{1B57F0ED-8DFD-4EA3-AB25-45DA0A9F90C1}.Debug|x64.ActiveCfg = Debug|Any CPU
		{1B57F0ED-8DFD-4EA3-AB25-45DA0A9F90C1}.Debug|x64.Build.0 = Debug|Any CPU
		{1B57F0ED-8DFD-4EA3-AB25-45DA0A9F90C1}.Debug|x86.ActiveCfg = Debug|Any CPU
		{1B57F0ED-8DFD-4EA3-AB25-45DA0A9F90C1}.Debug|x86.Build.0 = Debug|Any CPU
		{1B57F0ED-8DFD-4EA3-AB25-45DA0A9F90C1}.Release|Any CPU.ActiveCfg = Release|Any CPU
		{1B57F0ED-8DFD-4EA3-AB25-45DA0A9F90C1}.Release|Any CPU.Build.0 = Release|Any CPU
		{1B57F0ED-8DFD-4EA3-AB25-45DA0A9F90C1}.Release|x64.ActiveCfg = Release|Any CPU
		{1B57F0ED-8DFD-4EA3-AB25-45DA0A9F90C1}.Release|x64.Build.0 = Release|Any CPU
		{1B57F0ED-8DFD-4EA3-AB25-45DA0A9F90C1}.Release|x86.ActiveCfg = Release|Any CPU
		{1B57F0ED-8DFD-4EA3-AB25-45DA0A9F90C1}.Release|x86.Build.0 = Release|Any CPU
		{17939F30-3156-4D3B-8C9B-230B3DE5916F}.Debug|Any CPU.ActiveCfg = Debug|Any CPU
		{17939F30-3156-4D3B-8C9B-230B3DE5916F}.Debug|Any CPU.Build.0 = Debug|Any CPU
		{17939F30-3156-4D3B-8C9B-230B3DE5916F}.Debug|x64.ActiveCfg = Debug|Any CPU
		{17939F30-3156-4D3B-8C9B-230B3DE5916F}.Debug|x64.Build.0 = Debug|Any CPU
		{17939F30-3156-4D3B-8C9B-230B3DE5916F}.Debug|x86.ActiveCfg = Debug|Any CPU
		{17939F30-3156-4D3B-8C9B-230B3DE5916F}.Debug|x86.Build.0 = Debug|Any CPU
		{17939F30-3156-4D3B-8C9B-230B3DE5916F}.Release|Any CPU.ActiveCfg = Release|Any CPU
		{17939F30-3156-4D3B-8C9B-230B3DE5916F}.Release|Any CPU.Build.0 = Release|Any CPU
		{17939F30-3156-4D3B-8C9B-230B3DE5916F}.Release|x64.ActiveCfg = Release|Any CPU
		{17939F30-3156-4D3B-8C9B-230B3DE5916F}.Release|x64.Build.0 = Release|Any CPU
		{17939F30-3156-4D3B-8C9B-230B3DE5916F}.Release|x86.ActiveCfg = Release|Any CPU
		{17939F30-3156-4D3B-8C9B-230B3DE5916F}.Release|x86.Build.0 = Release|Any CPU
		{5779AD56-2231-4933-912A-426BC2A5CE8C}.Debug|Any CPU.ActiveCfg = Debug|Any CPU
		{5779AD56-2231-4933-912A-426BC2A5CE8C}.Debug|Any CPU.Build.0 = Debug|Any CPU
		{5779AD56-2231-4933-912A-426BC2A5CE8C}.Debug|x64.ActiveCfg = Debug|Any CPU
		{5779AD56-2231-4933-912A-426BC2A5CE8C}.Debug|x64.Build.0 = Debug|Any CPU
		{5779AD56-2231-4933-912A-426BC2A5CE8C}.Debug|x86.ActiveCfg = Debug|Any CPU
		{5779AD56-2231-4933-912A-426BC2A5CE8C}.Debug|x86.Build.0 = Debug|Any CPU
		{5779AD56-2231-4933-912A-426BC2A5CE8C}.Release|Any CPU.ActiveCfg = Release|Any CPU
		{5779AD56-2231-4933-912A-426BC2A5CE8C}.Release|Any CPU.Build.0 = Release|Any CPU
		{5779AD56-2231-4933-912A-426BC2A5CE8C}.Release|x64.ActiveCfg = Release|Any CPU
		{5779AD56-2231-4933-912A-426BC2A5CE8C}.Release|x64.Build.0 = Release|Any CPU
		{5779AD56-2231-4933-912A-426BC2A5CE8C}.Release|x86.ActiveCfg = Release|Any CPU
		{5779AD56-2231-4933-912A-426BC2A5CE8C}.Release|x86.Build.0 = Release|Any CPU
		{A7463998-C402-446E-980B-C6A858095EF3}.Debug|Any CPU.ActiveCfg = Debug|Any CPU
		{A7463998-C402-446E-980B-C6A858095EF3}.Debug|Any CPU.Build.0 = Debug|Any CPU
		{A7463998-C402-446E-980B-C6A858095EF3}.Debug|x64.ActiveCfg = Debug|Any CPU
		{A7463998-C402-446E-980B-C6A858095EF3}.Debug|x64.Build.0 = Debug|Any CPU
		{A7463998-C402-446E-980B-C6A858095EF3}.Debug|x86.ActiveCfg = Debug|Any CPU
		{A7463998-C402-446E-980B-C6A858095EF3}.Debug|x86.Build.0 = Debug|Any CPU
		{A7463998-C402-446E-980B-C6A858095EF3}.Release|Any CPU.ActiveCfg = Release|Any CPU
		{A7463998-C402-446E-980B-C6A858095EF3}.Release|Any CPU.Build.0 = Release|Any CPU
		{A7463998-C402-446E-980B-C6A858095EF3}.Release|x64.ActiveCfg = Release|Any CPU
		{A7463998-C402-446E-980B-C6A858095EF3}.Release|x64.Build.0 = Release|Any CPU
		{A7463998-C402-446E-980B-C6A858095EF3}.Release|x86.ActiveCfg = Release|Any CPU
		{A7463998-C402-446E-980B-C6A858095EF3}.Release|x86.Build.0 = Release|Any CPU
		{57E95B55-A519-4787-B3D6-51A8FB41497A}.Debug|Any CPU.ActiveCfg = Debug|Any CPU
		{57E95B55-A519-4787-B3D6-51A8FB41497A}.Debug|Any CPU.Build.0 = Debug|Any CPU
		{57E95B55-A519-4787-B3D6-51A8FB41497A}.Debug|x64.ActiveCfg = Debug|Any CPU
		{57E95B55-A519-4787-B3D6-51A8FB41497A}.Debug|x64.Build.0 = Debug|Any CPU
		{57E95B55-A519-4787-B3D6-51A8FB41497A}.Debug|x86.ActiveCfg = Debug|Any CPU
		{57E95B55-A519-4787-B3D6-51A8FB41497A}.Debug|x86.Build.0 = Debug|Any CPU
		{57E95B55-A519-4787-B3D6-51A8FB41497A}.Release|Any CPU.ActiveCfg = Release|Any CPU
		{57E95B55-A519-4787-B3D6-51A8FB41497A}.Release|Any CPU.Build.0 = Release|Any CPU
		{57E95B55-A519-4787-B3D6-51A8FB41497A}.Release|x64.ActiveCfg = Release|Any CPU
		{57E95B55-A519-4787-B3D6-51A8FB41497A}.Release|x64.Build.0 = Release|Any CPU
		{57E95B55-A519-4787-B3D6-51A8FB41497A}.Release|x86.ActiveCfg = Release|Any CPU
		{57E95B55-A519-4787-B3D6-51A8FB41497A}.Release|x86.Build.0 = Release|Any CPU
		{9AB400F9-4522-40AB-85B6-345F5B4FB7F6}.Debug|Any CPU.ActiveCfg = Debug|Any CPU
		{9AB400F9-4522-40AB-85B6-345F5B4FB7F6}.Debug|Any CPU.Build.0 = Debug|Any CPU
		{9AB400F9-4522-40AB-85B6-345F5B4FB7F6}.Debug|x64.ActiveCfg = Debug|Any CPU
		{9AB400F9-4522-40AB-85B6-345F5B4FB7F6}.Debug|x64.Build.0 = Debug|Any CPU
		{9AB400F9-4522-40AB-85B6-345F5B4FB7F6}.Debug|x86.ActiveCfg = Debug|Any CPU
		{9AB400F9-4522-40AB-85B6-345F5B4FB7F6}.Debug|x86.Build.0 = Debug|Any CPU
		{9AB400F9-4522-40AB-85B6-345F5B4FB7F6}.Release|Any CPU.ActiveCfg = Release|Any CPU
		{9AB400F9-4522-40AB-85B6-345F5B4FB7F6}.Release|Any CPU.Build.0 = Release|Any CPU
		{9AB400F9-4522-40AB-85B6-345F5B4FB7F6}.Release|x64.ActiveCfg = Release|Any CPU
		{9AB400F9-4522-40AB-85B6-345F5B4FB7F6}.Release|x64.Build.0 = Release|Any CPU
		{9AB400F9-4522-40AB-85B6-345F5B4FB7F6}.Release|x86.ActiveCfg = Release|Any CPU
		{9AB400F9-4522-40AB-85B6-345F5B4FB7F6}.Release|x86.Build.0 = Release|Any CPU
		{D5613A12-80D9-4A39-9EAC-4E61DAE85790}.Debug|Any CPU.ActiveCfg = Debug|Any CPU
		{D5613A12-80D9-4A39-9EAC-4E61DAE85790}.Debug|Any CPU.Build.0 = Debug|Any CPU
		{D5613A12-80D9-4A39-9EAC-4E61DAE85790}.Debug|x64.ActiveCfg = Debug|Any CPU
		{D5613A12-80D9-4A39-9EAC-4E61DAE85790}.Debug|x64.Build.0 = Debug|Any CPU
		{D5613A12-80D9-4A39-9EAC-4E61DAE85790}.Debug|x86.ActiveCfg = Debug|Any CPU
		{D5613A12-80D9-4A39-9EAC-4E61DAE85790}.Debug|x86.Build.0 = Debug|Any CPU
		{D5613A12-80D9-4A39-9EAC-4E61DAE85790}.Release|Any CPU.ActiveCfg = Release|Any CPU
		{D5613A12-80D9-4A39-9EAC-4E61DAE85790}.Release|Any CPU.Build.0 = Release|Any CPU
		{D5613A12-80D9-4A39-9EAC-4E61DAE85790}.Release|x64.ActiveCfg = Release|Any CPU
		{D5613A12-80D9-4A39-9EAC-4E61DAE85790}.Release|x64.Build.0 = Release|Any CPU
		{D5613A12-80D9-4A39-9EAC-4E61DAE85790}.Release|x86.ActiveCfg = Release|Any CPU
		{D5613A12-80D9-4A39-9EAC-4E61DAE85790}.Release|x86.Build.0 = Release|Any CPU
		{9FAD60EB-F61E-41F3-A2A4-87A59D471869}.Debug|Any CPU.ActiveCfg = Debug|Any CPU
		{9FAD60EB-F61E-41F3-A2A4-87A59D471869}.Debug|Any CPU.Build.0 = Debug|Any CPU
		{9FAD60EB-F61E-41F3-A2A4-87A59D471869}.Debug|x64.ActiveCfg = Debug|Any CPU
		{9FAD60EB-F61E-41F3-A2A4-87A59D471869}.Debug|x64.Build.0 = Debug|Any CPU
		{9FAD60EB-F61E-41F3-A2A4-87A59D471869}.Debug|x86.ActiveCfg = Debug|Any CPU
		{9FAD60EB-F61E-41F3-A2A4-87A59D471869}.Debug|x86.Build.0 = Debug|Any CPU
		{9FAD60EB-F61E-41F3-A2A4-87A59D471869}.Release|Any CPU.ActiveCfg = Release|Any CPU
		{9FAD60EB-F61E-41F3-A2A4-87A59D471869}.Release|Any CPU.Build.0 = Release|Any CPU
		{9FAD60EB-F61E-41F3-A2A4-87A59D471869}.Release|x64.ActiveCfg = Release|Any CPU
		{9FAD60EB-F61E-41F3-A2A4-87A59D471869}.Release|x64.Build.0 = Release|Any CPU
		{9FAD60EB-F61E-41F3-A2A4-87A59D471869}.Release|x86.ActiveCfg = Release|Any CPU
		{9FAD60EB-F61E-41F3-A2A4-87A59D471869}.Release|x86.Build.0 = Release|Any CPU
		{0CBDEE07-49D7-4584-9A77-3B70DDCCA947}.Debug|Any CPU.ActiveCfg = Debug|Any CPU
		{0CBDEE07-49D7-4584-9A77-3B70DDCCA947}.Debug|Any CPU.Build.0 = Debug|Any CPU
		{0CBDEE07-49D7-4584-9A77-3B70DDCCA947}.Debug|x64.ActiveCfg = Debug|Any CPU
		{0CBDEE07-49D7-4584-9A77-3B70DDCCA947}.Debug|x64.Build.0 = Debug|Any CPU
		{0CBDEE07-49D7-4584-9A77-3B70DDCCA947}.Debug|x86.ActiveCfg = Debug|Any CPU
		{0CBDEE07-49D7-4584-9A77-3B70DDCCA947}.Debug|x86.Build.0 = Debug|Any CPU
		{0CBDEE07-49D7-4584-9A77-3B70DDCCA947}.Release|Any CPU.ActiveCfg = Release|Any CPU
		{0CBDEE07-49D7-4584-9A77-3B70DDCCA947}.Release|Any CPU.Build.0 = Release|Any CPU
		{0CBDEE07-49D7-4584-9A77-3B70DDCCA947}.Release|x64.ActiveCfg = Release|Any CPU
		{0CBDEE07-49D7-4584-9A77-3B70DDCCA947}.Release|x64.Build.0 = Release|Any CPU
		{0CBDEE07-49D7-4584-9A77-3B70DDCCA947}.Release|x86.ActiveCfg = Release|Any CPU
		{0CBDEE07-49D7-4584-9A77-3B70DDCCA947}.Release|x86.Build.0 = Release|Any CPU
		{7DD50A54-62BB-49E2-ABCC-7195716C27A2}.Debug|Any CPU.ActiveCfg = Debug|Any CPU
		{7DD50A54-62BB-49E2-ABCC-7195716C27A2}.Debug|Any CPU.Build.0 = Debug|Any CPU
		{7DD50A54-62BB-49E2-ABCC-7195716C27A2}.Debug|x64.ActiveCfg = Debug|Any CPU
		{7DD50A54-62BB-49E2-ABCC-7195716C27A2}.Debug|x64.Build.0 = Debug|Any CPU
		{7DD50A54-62BB-49E2-ABCC-7195716C27A2}.Debug|x86.ActiveCfg = Debug|Any CPU
		{7DD50A54-62BB-49E2-ABCC-7195716C27A2}.Debug|x86.Build.0 = Debug|Any CPU
		{7DD50A54-62BB-49E2-ABCC-7195716C27A2}.Release|Any CPU.ActiveCfg = Release|Any CPU
		{7DD50A54-62BB-49E2-ABCC-7195716C27A2}.Release|Any CPU.Build.0 = Release|Any CPU
		{7DD50A54-62BB-49E2-ABCC-7195716C27A2}.Release|x64.ActiveCfg = Release|Any CPU
		{7DD50A54-62BB-49E2-ABCC-7195716C27A2}.Release|x64.Build.0 = Release|Any CPU
		{7DD50A54-62BB-49E2-ABCC-7195716C27A2}.Release|x86.ActiveCfg = Release|Any CPU
		{7DD50A54-62BB-49E2-ABCC-7195716C27A2}.Release|x86.Build.0 = Release|Any CPU
		{F297BEDC-24AA-48CB-BE76-C539318CDF7E}.Debug|Any CPU.ActiveCfg = Debug|Any CPU
		{F297BEDC-24AA-48CB-BE76-C539318CDF7E}.Debug|Any CPU.Build.0 = Debug|Any CPU
		{F297BEDC-24AA-48CB-BE76-C539318CDF7E}.Debug|x64.ActiveCfg = Debug|Any CPU
		{F297BEDC-24AA-48CB-BE76-C539318CDF7E}.Debug|x64.Build.0 = Debug|Any CPU
		{F297BEDC-24AA-48CB-BE76-C539318CDF7E}.Debug|x86.ActiveCfg = Debug|Any CPU
		{F297BEDC-24AA-48CB-BE76-C539318CDF7E}.Debug|x86.Build.0 = Debug|Any CPU
		{F297BEDC-24AA-48CB-BE76-C539318CDF7E}.Release|Any CPU.ActiveCfg = Release|Any CPU
		{F297BEDC-24AA-48CB-BE76-C539318CDF7E}.Release|Any CPU.Build.0 = Release|Any CPU
		{F297BEDC-24AA-48CB-BE76-C539318CDF7E}.Release|x64.ActiveCfg = Release|Any CPU
		{F297BEDC-24AA-48CB-BE76-C539318CDF7E}.Release|x64.Build.0 = Release|Any CPU
		{F297BEDC-24AA-48CB-BE76-C539318CDF7E}.Release|x86.ActiveCfg = Release|Any CPU
		{F297BEDC-24AA-48CB-BE76-C539318CDF7E}.Release|x86.Build.0 = Release|Any CPU
		{271669EF-936E-463E-A462-670F3FD1363E}.Debug|Any CPU.ActiveCfg = Debug|Any CPU
		{271669EF-936E-463E-A462-670F3FD1363E}.Debug|Any CPU.Build.0 = Debug|Any CPU
		{271669EF-936E-463E-A462-670F3FD1363E}.Debug|x64.ActiveCfg = Debug|Any CPU
		{271669EF-936E-463E-A462-670F3FD1363E}.Debug|x64.Build.0 = Debug|Any CPU
		{271669EF-936E-463E-A462-670F3FD1363E}.Debug|x86.ActiveCfg = Debug|Any CPU
		{271669EF-936E-463E-A462-670F3FD1363E}.Debug|x86.Build.0 = Debug|Any CPU
		{271669EF-936E-463E-A462-670F3FD1363E}.Release|Any CPU.ActiveCfg = Release|Any CPU
		{271669EF-936E-463E-A462-670F3FD1363E}.Release|Any CPU.Build.0 = Release|Any CPU
		{271669EF-936E-463E-A462-670F3FD1363E}.Release|x64.ActiveCfg = Release|Any CPU
		{271669EF-936E-463E-A462-670F3FD1363E}.Release|x64.Build.0 = Release|Any CPU
		{271669EF-936E-463E-A462-670F3FD1363E}.Release|x86.ActiveCfg = Release|Any CPU
		{271669EF-936E-463E-A462-670F3FD1363E}.Release|x86.Build.0 = Release|Any CPU
		{B573C202-3907-4BF7-821F-82950D5FA004}.Debug|Any CPU.ActiveCfg = Debug|Any CPU
		{B573C202-3907-4BF7-821F-82950D5FA004}.Debug|Any CPU.Build.0 = Debug|Any CPU
		{B573C202-3907-4BF7-821F-82950D5FA004}.Debug|x64.ActiveCfg = Debug|Any CPU
		{B573C202-3907-4BF7-821F-82950D5FA004}.Debug|x64.Build.0 = Debug|Any CPU
		{B573C202-3907-4BF7-821F-82950D5FA004}.Debug|x86.ActiveCfg = Debug|Any CPU
		{B573C202-3907-4BF7-821F-82950D5FA004}.Debug|x86.Build.0 = Debug|Any CPU
		{B573C202-3907-4BF7-821F-82950D5FA004}.Release|Any CPU.ActiveCfg = Release|Any CPU
		{B573C202-3907-4BF7-821F-82950D5FA004}.Release|Any CPU.Build.0 = Release|Any CPU
		{B573C202-3907-4BF7-821F-82950D5FA004}.Release|x64.ActiveCfg = Release|Any CPU
		{B573C202-3907-4BF7-821F-82950D5FA004}.Release|x64.Build.0 = Release|Any CPU
		{B573C202-3907-4BF7-821F-82950D5FA004}.Release|x86.ActiveCfg = Release|Any CPU
		{B573C202-3907-4BF7-821F-82950D5FA004}.Release|x86.Build.0 = Release|Any CPU
		{06FF27F2-F835-4FAB-A2DE-32611F1DB5A7}.Debug|Any CPU.ActiveCfg = Debug|Any CPU
		{06FF27F2-F835-4FAB-A2DE-32611F1DB5A7}.Debug|Any CPU.Build.0 = Debug|Any CPU
		{06FF27F2-F835-4FAB-A2DE-32611F1DB5A7}.Debug|x64.ActiveCfg = Debug|Any CPU
		{06FF27F2-F835-4FAB-A2DE-32611F1DB5A7}.Debug|x64.Build.0 = Debug|Any CPU
		{06FF27F2-F835-4FAB-A2DE-32611F1DB5A7}.Debug|x86.ActiveCfg = Debug|Any CPU
		{06FF27F2-F835-4FAB-A2DE-32611F1DB5A7}.Debug|x86.Build.0 = Debug|Any CPU
		{06FF27F2-F835-4FAB-A2DE-32611F1DB5A7}.Release|Any CPU.ActiveCfg = Release|Any CPU
		{06FF27F2-F835-4FAB-A2DE-32611F1DB5A7}.Release|Any CPU.Build.0 = Release|Any CPU
		{06FF27F2-F835-4FAB-A2DE-32611F1DB5A7}.Release|x64.ActiveCfg = Release|Any CPU
		{06FF27F2-F835-4FAB-A2DE-32611F1DB5A7}.Release|x64.Build.0 = Release|Any CPU
		{06FF27F2-F835-4FAB-A2DE-32611F1DB5A7}.Release|x86.ActiveCfg = Release|Any CPU
		{06FF27F2-F835-4FAB-A2DE-32611F1DB5A7}.Release|x86.Build.0 = Release|Any CPU
		{1EC8674B-C088-46AB-AAEB-C319744FCEDD}.Debug|Any CPU.ActiveCfg = Debug|Any CPU
		{1EC8674B-C088-46AB-AAEB-C319744FCEDD}.Debug|Any CPU.Build.0 = Debug|Any CPU
		{1EC8674B-C088-46AB-AAEB-C319744FCEDD}.Debug|x64.ActiveCfg = Debug|Any CPU
		{1EC8674B-C088-46AB-AAEB-C319744FCEDD}.Debug|x64.Build.0 = Debug|Any CPU
		{1EC8674B-C088-46AB-AAEB-C319744FCEDD}.Debug|x86.ActiveCfg = Debug|Any CPU
		{1EC8674B-C088-46AB-AAEB-C319744FCEDD}.Debug|x86.Build.0 = Debug|Any CPU
		{1EC8674B-C088-46AB-AAEB-C319744FCEDD}.Release|Any CPU.ActiveCfg = Release|Any CPU
		{1EC8674B-C088-46AB-AAEB-C319744FCEDD}.Release|Any CPU.Build.0 = Release|Any CPU
		{1EC8674B-C088-46AB-AAEB-C319744FCEDD}.Release|x64.ActiveCfg = Release|Any CPU
		{1EC8674B-C088-46AB-AAEB-C319744FCEDD}.Release|x64.Build.0 = Release|Any CPU
		{1EC8674B-C088-46AB-AAEB-C319744FCEDD}.Release|x86.ActiveCfg = Release|Any CPU
		{1EC8674B-C088-46AB-AAEB-C319744FCEDD}.Release|x86.Build.0 = Release|Any CPU
		{BBD2E6D5-59B7-45A1-98DD-B14DDAF099E4}.Debug|Any CPU.ActiveCfg = Debug|Any CPU
		{BBD2E6D5-59B7-45A1-98DD-B14DDAF099E4}.Debug|Any CPU.Build.0 = Debug|Any CPU
		{BBD2E6D5-59B7-45A1-98DD-B14DDAF099E4}.Debug|x64.ActiveCfg = Debug|Any CPU
		{BBD2E6D5-59B7-45A1-98DD-B14DDAF099E4}.Debug|x64.Build.0 = Debug|Any CPU
		{BBD2E6D5-59B7-45A1-98DD-B14DDAF099E4}.Debug|x86.ActiveCfg = Debug|Any CPU
		{BBD2E6D5-59B7-45A1-98DD-B14DDAF099E4}.Debug|x86.Build.0 = Debug|Any CPU
		{BBD2E6D5-59B7-45A1-98DD-B14DDAF099E4}.Release|Any CPU.ActiveCfg = Release|Any CPU
		{BBD2E6D5-59B7-45A1-98DD-B14DDAF099E4}.Release|Any CPU.Build.0 = Release|Any CPU
		{BBD2E6D5-59B7-45A1-98DD-B14DDAF099E4}.Release|x64.ActiveCfg = Release|Any CPU
		{BBD2E6D5-59B7-45A1-98DD-B14DDAF099E4}.Release|x64.Build.0 = Release|Any CPU
		{BBD2E6D5-59B7-45A1-98DD-B14DDAF099E4}.Release|x86.ActiveCfg = Release|Any CPU
		{BBD2E6D5-59B7-45A1-98DD-B14DDAF099E4}.Release|x86.Build.0 = Release|Any CPU
		{EF7DA396-B165-4787-8F24-EC0719F90197}.Debug|Any CPU.ActiveCfg = Debug|Any CPU
		{EF7DA396-B165-4787-8F24-EC0719F90197}.Debug|Any CPU.Build.0 = Debug|Any CPU
		{EF7DA396-B165-4787-8F24-EC0719F90197}.Debug|x64.ActiveCfg = Debug|Any CPU
		{EF7DA396-B165-4787-8F24-EC0719F90197}.Debug|x64.Build.0 = Debug|Any CPU
		{EF7DA396-B165-4787-8F24-EC0719F90197}.Debug|x86.ActiveCfg = Debug|Any CPU
		{EF7DA396-B165-4787-8F24-EC0719F90197}.Debug|x86.Build.0 = Debug|Any CPU
		{EF7DA396-B165-4787-8F24-EC0719F90197}.Release|Any CPU.ActiveCfg = Release|Any CPU
		{EF7DA396-B165-4787-8F24-EC0719F90197}.Release|Any CPU.Build.0 = Release|Any CPU
		{EF7DA396-B165-4787-8F24-EC0719F90197}.Release|x64.ActiveCfg = Release|Any CPU
		{EF7DA396-B165-4787-8F24-EC0719F90197}.Release|x64.Build.0 = Release|Any CPU
		{EF7DA396-B165-4787-8F24-EC0719F90197}.Release|x86.ActiveCfg = Release|Any CPU
		{EF7DA396-B165-4787-8F24-EC0719F90197}.Release|x86.Build.0 = Release|Any CPU
		{8E1B4CFD-8C88-4174-BBF4-E0E2272D975F}.Debug|Any CPU.ActiveCfg = Debug|Any CPU
		{8E1B4CFD-8C88-4174-BBF4-E0E2272D975F}.Debug|Any CPU.Build.0 = Debug|Any CPU
		{8E1B4CFD-8C88-4174-BBF4-E0E2272D975F}.Debug|x64.ActiveCfg = Debug|Any CPU
		{8E1B4CFD-8C88-4174-BBF4-E0E2272D975F}.Debug|x64.Build.0 = Debug|Any CPU
		{8E1B4CFD-8C88-4174-BBF4-E0E2272D975F}.Debug|x86.ActiveCfg = Debug|Any CPU
		{8E1B4CFD-8C88-4174-BBF4-E0E2272D975F}.Debug|x86.Build.0 = Debug|Any CPU
		{8E1B4CFD-8C88-4174-BBF4-E0E2272D975F}.Release|Any CPU.ActiveCfg = Release|Any CPU
		{8E1B4CFD-8C88-4174-BBF4-E0E2272D975F}.Release|Any CPU.Build.0 = Release|Any CPU
		{8E1B4CFD-8C88-4174-BBF4-E0E2272D975F}.Release|x64.ActiveCfg = Release|Any CPU
		{8E1B4CFD-8C88-4174-BBF4-E0E2272D975F}.Release|x64.Build.0 = Release|Any CPU
		{8E1B4CFD-8C88-4174-BBF4-E0E2272D975F}.Release|x86.ActiveCfg = Release|Any CPU
		{8E1B4CFD-8C88-4174-BBF4-E0E2272D975F}.Release|x86.Build.0 = Release|Any CPU
		{DFA6BBDE-9D6D-4C8A-B321-6CFAEDD5C9E0}.Debug|Any CPU.ActiveCfg = Debug|Any CPU
		{DFA6BBDE-9D6D-4C8A-B321-6CFAEDD5C9E0}.Debug|Any CPU.Build.0 = Debug|Any CPU
		{DFA6BBDE-9D6D-4C8A-B321-6CFAEDD5C9E0}.Debug|x64.ActiveCfg = Debug|Any CPU
		{DFA6BBDE-9D6D-4C8A-B321-6CFAEDD5C9E0}.Debug|x64.Build.0 = Debug|Any CPU
		{DFA6BBDE-9D6D-4C8A-B321-6CFAEDD5C9E0}.Debug|x86.ActiveCfg = Debug|Any CPU
		{DFA6BBDE-9D6D-4C8A-B321-6CFAEDD5C9E0}.Debug|x86.Build.0 = Debug|Any CPU
		{DFA6BBDE-9D6D-4C8A-B321-6CFAEDD5C9E0}.Release|Any CPU.ActiveCfg = Release|Any CPU
		{DFA6BBDE-9D6D-4C8A-B321-6CFAEDD5C9E0}.Release|Any CPU.Build.0 = Release|Any CPU
		{DFA6BBDE-9D6D-4C8A-B321-6CFAEDD5C9E0}.Release|x64.ActiveCfg = Release|Any CPU
		{DFA6BBDE-9D6D-4C8A-B321-6CFAEDD5C9E0}.Release|x64.Build.0 = Release|Any CPU
		{DFA6BBDE-9D6D-4C8A-B321-6CFAEDD5C9E0}.Release|x86.ActiveCfg = Release|Any CPU
		{DFA6BBDE-9D6D-4C8A-B321-6CFAEDD5C9E0}.Release|x86.Build.0 = Release|Any CPU
		{57C7020D-4485-42F1-9BAF-45D0582E485D}.Debug|Any CPU.ActiveCfg = Debug|Any CPU
		{57C7020D-4485-42F1-9BAF-45D0582E485D}.Debug|Any CPU.Build.0 = Debug|Any CPU
		{57C7020D-4485-42F1-9BAF-45D0582E485D}.Debug|x64.ActiveCfg = Debug|Any CPU
		{57C7020D-4485-42F1-9BAF-45D0582E485D}.Debug|x64.Build.0 = Debug|Any CPU
		{57C7020D-4485-42F1-9BAF-45D0582E485D}.Debug|x86.ActiveCfg = Debug|Any CPU
		{57C7020D-4485-42F1-9BAF-45D0582E485D}.Debug|x86.Build.0 = Debug|Any CPU
		{57C7020D-4485-42F1-9BAF-45D0582E485D}.Release|Any CPU.ActiveCfg = Release|Any CPU
		{57C7020D-4485-42F1-9BAF-45D0582E485D}.Release|Any CPU.Build.0 = Release|Any CPU
		{57C7020D-4485-42F1-9BAF-45D0582E485D}.Release|x64.ActiveCfg = Release|Any CPU
		{57C7020D-4485-42F1-9BAF-45D0582E485D}.Release|x64.Build.0 = Release|Any CPU
		{57C7020D-4485-42F1-9BAF-45D0582E485D}.Release|x86.ActiveCfg = Release|Any CPU
		{57C7020D-4485-42F1-9BAF-45D0582E485D}.Release|x86.Build.0 = Release|Any CPU
		{4B49AF75-8725-4DAB-A0BA-35B43BD95734}.Debug|Any CPU.ActiveCfg = Debug|Any CPU
		{4B49AF75-8725-4DAB-A0BA-35B43BD95734}.Debug|Any CPU.Build.0 = Debug|Any CPU
		{4B49AF75-8725-4DAB-A0BA-35B43BD95734}.Debug|x64.ActiveCfg = Debug|Any CPU
		{4B49AF75-8725-4DAB-A0BA-35B43BD95734}.Debug|x64.Build.0 = Debug|Any CPU
		{4B49AF75-8725-4DAB-A0BA-35B43BD95734}.Debug|x86.ActiveCfg = Debug|Any CPU
		{4B49AF75-8725-4DAB-A0BA-35B43BD95734}.Debug|x86.Build.0 = Debug|Any CPU
		{4B49AF75-8725-4DAB-A0BA-35B43BD95734}.Release|Any CPU.ActiveCfg = Release|Any CPU
		{4B49AF75-8725-4DAB-A0BA-35B43BD95734}.Release|Any CPU.Build.0 = Release|Any CPU
		{4B49AF75-8725-4DAB-A0BA-35B43BD95734}.Release|x64.ActiveCfg = Release|Any CPU
		{4B49AF75-8725-4DAB-A0BA-35B43BD95734}.Release|x64.Build.0 = Release|Any CPU
		{4B49AF75-8725-4DAB-A0BA-35B43BD95734}.Release|x86.ActiveCfg = Release|Any CPU
		{4B49AF75-8725-4DAB-A0BA-35B43BD95734}.Release|x86.Build.0 = Release|Any CPU
		{379D311F-C6F3-405A-BA94-620213D597F9}.Debug|Any CPU.ActiveCfg = Debug|Any CPU
		{379D311F-C6F3-405A-BA94-620213D597F9}.Debug|Any CPU.Build.0 = Debug|Any CPU
		{379D311F-C6F3-405A-BA94-620213D597F9}.Debug|x64.ActiveCfg = Debug|Any CPU
		{379D311F-C6F3-405A-BA94-620213D597F9}.Debug|x64.Build.0 = Debug|Any CPU
		{379D311F-C6F3-405A-BA94-620213D597F9}.Debug|x86.ActiveCfg = Debug|Any CPU
		{379D311F-C6F3-405A-BA94-620213D597F9}.Debug|x86.Build.0 = Debug|Any CPU
		{379D311F-C6F3-405A-BA94-620213D597F9}.Release|Any CPU.ActiveCfg = Release|Any CPU
		{379D311F-C6F3-405A-BA94-620213D597F9}.Release|Any CPU.Build.0 = Release|Any CPU
		{379D311F-C6F3-405A-BA94-620213D597F9}.Release|x64.ActiveCfg = Release|Any CPU
		{379D311F-C6F3-405A-BA94-620213D597F9}.Release|x64.Build.0 = Release|Any CPU
		{379D311F-C6F3-405A-BA94-620213D597F9}.Release|x86.ActiveCfg = Release|Any CPU
		{379D311F-C6F3-405A-BA94-620213D597F9}.Release|x86.Build.0 = Release|Any CPU
		{3C2D7A38-F75B-4532-9C2E-18A59D878672}.Debug|Any CPU.ActiveCfg = Debug|Any CPU
		{3C2D7A38-F75B-4532-9C2E-18A59D878672}.Debug|Any CPU.Build.0 = Debug|Any CPU
		{3C2D7A38-F75B-4532-9C2E-18A59D878672}.Debug|x64.ActiveCfg = Debug|Any CPU
		{3C2D7A38-F75B-4532-9C2E-18A59D878672}.Debug|x64.Build.0 = Debug|Any CPU
		{3C2D7A38-F75B-4532-9C2E-18A59D878672}.Debug|x86.ActiveCfg = Debug|Any CPU
		{3C2D7A38-F75B-4532-9C2E-18A59D878672}.Debug|x86.Build.0 = Debug|Any CPU
		{3C2D7A38-F75B-4532-9C2E-18A59D878672}.Release|Any CPU.ActiveCfg = Release|Any CPU
		{3C2D7A38-F75B-4532-9C2E-18A59D878672}.Release|Any CPU.Build.0 = Release|Any CPU
		{3C2D7A38-F75B-4532-9C2E-18A59D878672}.Release|x64.ActiveCfg = Release|Any CPU
		{3C2D7A38-F75B-4532-9C2E-18A59D878672}.Release|x64.Build.0 = Release|Any CPU
		{3C2D7A38-F75B-4532-9C2E-18A59D878672}.Release|x86.ActiveCfg = Release|Any CPU
		{3C2D7A38-F75B-4532-9C2E-18A59D878672}.Release|x86.Build.0 = Release|Any CPU
		{BBF7249A-B3DB-4114-9D57-82BFDE9AA0F0}.Debug|Any CPU.ActiveCfg = Debug|Any CPU
		{BBF7249A-B3DB-4114-9D57-82BFDE9AA0F0}.Debug|Any CPU.Build.0 = Debug|Any CPU
		{BBF7249A-B3DB-4114-9D57-82BFDE9AA0F0}.Debug|x64.ActiveCfg = Debug|Any CPU
		{BBF7249A-B3DB-4114-9D57-82BFDE9AA0F0}.Debug|x64.Build.0 = Debug|Any CPU
		{BBF7249A-B3DB-4114-9D57-82BFDE9AA0F0}.Debug|x86.ActiveCfg = Debug|Any CPU
		{BBF7249A-B3DB-4114-9D57-82BFDE9AA0F0}.Debug|x86.Build.0 = Debug|Any CPU
		{BBF7249A-B3DB-4114-9D57-82BFDE9AA0F0}.Release|Any CPU.ActiveCfg = Release|Any CPU
		{BBF7249A-B3DB-4114-9D57-82BFDE9AA0F0}.Release|Any CPU.Build.0 = Release|Any CPU
		{BBF7249A-B3DB-4114-9D57-82BFDE9AA0F0}.Release|x64.ActiveCfg = Release|Any CPU
		{BBF7249A-B3DB-4114-9D57-82BFDE9AA0F0}.Release|x64.Build.0 = Release|Any CPU
		{BBF7249A-B3DB-4114-9D57-82BFDE9AA0F0}.Release|x86.ActiveCfg = Release|Any CPU
		{BBF7249A-B3DB-4114-9D57-82BFDE9AA0F0}.Release|x86.Build.0 = Release|Any CPU
		{C3EFCAE6-2AC4-4D2B-A18B-7771D67CD323}.Debug|Any CPU.ActiveCfg = Debug|Any CPU
		{C3EFCAE6-2AC4-4D2B-A18B-7771D67CD323}.Debug|Any CPU.Build.0 = Debug|Any CPU
		{C3EFCAE6-2AC4-4D2B-A18B-7771D67CD323}.Debug|x64.ActiveCfg = Debug|Any CPU
		{C3EFCAE6-2AC4-4D2B-A18B-7771D67CD323}.Debug|x64.Build.0 = Debug|Any CPU
		{C3EFCAE6-2AC4-4D2B-A18B-7771D67CD323}.Debug|x86.ActiveCfg = Debug|Any CPU
		{C3EFCAE6-2AC4-4D2B-A18B-7771D67CD323}.Debug|x86.Build.0 = Debug|Any CPU
		{C3EFCAE6-2AC4-4D2B-A18B-7771D67CD323}.Release|Any CPU.ActiveCfg = Release|Any CPU
		{C3EFCAE6-2AC4-4D2B-A18B-7771D67CD323}.Release|Any CPU.Build.0 = Release|Any CPU
		{C3EFCAE6-2AC4-4D2B-A18B-7771D67CD323}.Release|x64.ActiveCfg = Release|Any CPU
		{C3EFCAE6-2AC4-4D2B-A18B-7771D67CD323}.Release|x64.Build.0 = Release|Any CPU
		{C3EFCAE6-2AC4-4D2B-A18B-7771D67CD323}.Release|x86.ActiveCfg = Release|Any CPU
		{C3EFCAE6-2AC4-4D2B-A18B-7771D67CD323}.Release|x86.Build.0 = Release|Any CPU
		{54ED6ACC-6DE7-4499-BDD5-8E965B61A44D}.Debug|Any CPU.ActiveCfg = Debug|Any CPU
		{54ED6ACC-6DE7-4499-BDD5-8E965B61A44D}.Debug|Any CPU.Build.0 = Debug|Any CPU
		{54ED6ACC-6DE7-4499-BDD5-8E965B61A44D}.Debug|x64.ActiveCfg = Debug|Any CPU
		{54ED6ACC-6DE7-4499-BDD5-8E965B61A44D}.Debug|x64.Build.0 = Debug|Any CPU
		{54ED6ACC-6DE7-4499-BDD5-8E965B61A44D}.Debug|x86.ActiveCfg = Debug|Any CPU
		{54ED6ACC-6DE7-4499-BDD5-8E965B61A44D}.Debug|x86.Build.0 = Debug|Any CPU
		{54ED6ACC-6DE7-4499-BDD5-8E965B61A44D}.Release|Any CPU.ActiveCfg = Release|Any CPU
		{54ED6ACC-6DE7-4499-BDD5-8E965B61A44D}.Release|Any CPU.Build.0 = Release|Any CPU
		{54ED6ACC-6DE7-4499-BDD5-8E965B61A44D}.Release|x64.ActiveCfg = Release|Any CPU
		{54ED6ACC-6DE7-4499-BDD5-8E965B61A44D}.Release|x64.Build.0 = Release|Any CPU
		{54ED6ACC-6DE7-4499-BDD5-8E965B61A44D}.Release|x86.ActiveCfg = Release|Any CPU
		{54ED6ACC-6DE7-4499-BDD5-8E965B61A44D}.Release|x86.Build.0 = Release|Any CPU
		{470DAE1D-FEA4-44E7-87D3-B420C14B1EDD}.Debug|Any CPU.ActiveCfg = Debug|Any CPU
		{470DAE1D-FEA4-44E7-87D3-B420C14B1EDD}.Debug|Any CPU.Build.0 = Debug|Any CPU
		{470DAE1D-FEA4-44E7-87D3-B420C14B1EDD}.Debug|x64.ActiveCfg = Debug|Any CPU
		{470DAE1D-FEA4-44E7-87D3-B420C14B1EDD}.Debug|x64.Build.0 = Debug|Any CPU
		{470DAE1D-FEA4-44E7-87D3-B420C14B1EDD}.Debug|x86.ActiveCfg = Debug|Any CPU
		{470DAE1D-FEA4-44E7-87D3-B420C14B1EDD}.Debug|x86.Build.0 = Debug|Any CPU
		{470DAE1D-FEA4-44E7-87D3-B420C14B1EDD}.Release|Any CPU.ActiveCfg = Release|Any CPU
		{470DAE1D-FEA4-44E7-87D3-B420C14B1EDD}.Release|Any CPU.Build.0 = Release|Any CPU
		{470DAE1D-FEA4-44E7-87D3-B420C14B1EDD}.Release|x64.ActiveCfg = Release|Any CPU
		{470DAE1D-FEA4-44E7-87D3-B420C14B1EDD}.Release|x64.Build.0 = Release|Any CPU
		{470DAE1D-FEA4-44E7-87D3-B420C14B1EDD}.Release|x86.ActiveCfg = Release|Any CPU
		{470DAE1D-FEA4-44E7-87D3-B420C14B1EDD}.Release|x86.Build.0 = Release|Any CPU
		{36F4D0F7-C059-4F65-B3EC-CD38D442D004}.Debug|Any CPU.ActiveCfg = Debug|Any CPU
		{36F4D0F7-C059-4F65-B3EC-CD38D442D004}.Debug|Any CPU.Build.0 = Debug|Any CPU
		{36F4D0F7-C059-4F65-B3EC-CD38D442D004}.Debug|x64.ActiveCfg = Debug|Any CPU
		{36F4D0F7-C059-4F65-B3EC-CD38D442D004}.Debug|x64.Build.0 = Debug|Any CPU
		{36F4D0F7-C059-4F65-B3EC-CD38D442D004}.Debug|x86.ActiveCfg = Debug|Any CPU
		{36F4D0F7-C059-4F65-B3EC-CD38D442D004}.Debug|x86.Build.0 = Debug|Any CPU
		{36F4D0F7-C059-4F65-B3EC-CD38D442D004}.Release|Any CPU.ActiveCfg = Release|Any CPU
		{36F4D0F7-C059-4F65-B3EC-CD38D442D004}.Release|Any CPU.Build.0 = Release|Any CPU
		{36F4D0F7-C059-4F65-B3EC-CD38D442D004}.Release|x64.ActiveCfg = Release|Any CPU
		{36F4D0F7-C059-4F65-B3EC-CD38D442D004}.Release|x64.Build.0 = Release|Any CPU
		{36F4D0F7-C059-4F65-B3EC-CD38D442D004}.Release|x86.ActiveCfg = Release|Any CPU
		{36F4D0F7-C059-4F65-B3EC-CD38D442D004}.Release|x86.Build.0 = Release|Any CPU
		{750586F4-1643-4A1B-BBA2-F288FD87A7F2}.Debug|Any CPU.ActiveCfg = Debug|Any CPU
		{750586F4-1643-4A1B-BBA2-F288FD87A7F2}.Debug|Any CPU.Build.0 = Debug|Any CPU
		{750586F4-1643-4A1B-BBA2-F288FD87A7F2}.Debug|x64.ActiveCfg = Debug|Any CPU
		{750586F4-1643-4A1B-BBA2-F288FD87A7F2}.Debug|x64.Build.0 = Debug|Any CPU
		{750586F4-1643-4A1B-BBA2-F288FD87A7F2}.Debug|x86.ActiveCfg = Debug|Any CPU
		{750586F4-1643-4A1B-BBA2-F288FD87A7F2}.Debug|x86.Build.0 = Debug|Any CPU
		{750586F4-1643-4A1B-BBA2-F288FD87A7F2}.Release|Any CPU.ActiveCfg = Release|Any CPU
		{750586F4-1643-4A1B-BBA2-F288FD87A7F2}.Release|Any CPU.Build.0 = Release|Any CPU
		{750586F4-1643-4A1B-BBA2-F288FD87A7F2}.Release|x64.ActiveCfg = Release|Any CPU
		{750586F4-1643-4A1B-BBA2-F288FD87A7F2}.Release|x64.Build.0 = Release|Any CPU
		{750586F4-1643-4A1B-BBA2-F288FD87A7F2}.Release|x86.ActiveCfg = Release|Any CPU
		{750586F4-1643-4A1B-BBA2-F288FD87A7F2}.Release|x86.Build.0 = Release|Any CPU
		{1475A805-B9FB-4851-B4FE-B427AB1FC437}.Debug|Any CPU.ActiveCfg = Debug|Any CPU
		{1475A805-B9FB-4851-B4FE-B427AB1FC437}.Debug|Any CPU.Build.0 = Debug|Any CPU
		{1475A805-B9FB-4851-B4FE-B427AB1FC437}.Debug|x64.ActiveCfg = Debug|Any CPU
		{1475A805-B9FB-4851-B4FE-B427AB1FC437}.Debug|x64.Build.0 = Debug|Any CPU
		{1475A805-B9FB-4851-B4FE-B427AB1FC437}.Debug|x86.ActiveCfg = Debug|Any CPU
		{1475A805-B9FB-4851-B4FE-B427AB1FC437}.Debug|x86.Build.0 = Debug|Any CPU
		{1475A805-B9FB-4851-B4FE-B427AB1FC437}.Release|Any CPU.ActiveCfg = Release|Any CPU
		{1475A805-B9FB-4851-B4FE-B427AB1FC437}.Release|Any CPU.Build.0 = Release|Any CPU
		{1475A805-B9FB-4851-B4FE-B427AB1FC437}.Release|x64.ActiveCfg = Release|Any CPU
		{1475A805-B9FB-4851-B4FE-B427AB1FC437}.Release|x64.Build.0 = Release|Any CPU
		{1475A805-B9FB-4851-B4FE-B427AB1FC437}.Release|x86.ActiveCfg = Release|Any CPU
		{1475A805-B9FB-4851-B4FE-B427AB1FC437}.Release|x86.Build.0 = Release|Any CPU
		{E534911D-BFD2-4A33-AE6E-E66D8B6B026A}.Debug|Any CPU.ActiveCfg = Debug|Any CPU
		{E534911D-BFD2-4A33-AE6E-E66D8B6B026A}.Debug|Any CPU.Build.0 = Debug|Any CPU
		{E534911D-BFD2-4A33-AE6E-E66D8B6B026A}.Debug|x64.ActiveCfg = Debug|Any CPU
		{E534911D-BFD2-4A33-AE6E-E66D8B6B026A}.Debug|x64.Build.0 = Debug|Any CPU
		{E534911D-BFD2-4A33-AE6E-E66D8B6B026A}.Debug|x86.ActiveCfg = Debug|Any CPU
		{E534911D-BFD2-4A33-AE6E-E66D8B6B026A}.Debug|x86.Build.0 = Debug|Any CPU
		{E534911D-BFD2-4A33-AE6E-E66D8B6B026A}.Release|Any CPU.ActiveCfg = Release|Any CPU
		{E534911D-BFD2-4A33-AE6E-E66D8B6B026A}.Release|Any CPU.Build.0 = Release|Any CPU
		{E534911D-BFD2-4A33-AE6E-E66D8B6B026A}.Release|x64.ActiveCfg = Release|Any CPU
		{E534911D-BFD2-4A33-AE6E-E66D8B6B026A}.Release|x64.Build.0 = Release|Any CPU
		{E534911D-BFD2-4A33-AE6E-E66D8B6B026A}.Release|x86.ActiveCfg = Release|Any CPU
		{E534911D-BFD2-4A33-AE6E-E66D8B6B026A}.Release|x86.Build.0 = Release|Any CPU
		{C22EE5FD-E1A8-4EB3-91BB-746FA509327D}.Debug|Any CPU.ActiveCfg = Debug|Any CPU
		{C22EE5FD-E1A8-4EB3-91BB-746FA509327D}.Debug|Any CPU.Build.0 = Debug|Any CPU
		{C22EE5FD-E1A8-4EB3-91BB-746FA509327D}.Debug|x64.ActiveCfg = Debug|Any CPU
		{C22EE5FD-E1A8-4EB3-91BB-746FA509327D}.Debug|x64.Build.0 = Debug|Any CPU
		{C22EE5FD-E1A8-4EB3-91BB-746FA509327D}.Debug|x86.ActiveCfg = Debug|Any CPU
		{C22EE5FD-E1A8-4EB3-91BB-746FA509327D}.Debug|x86.Build.0 = Debug|Any CPU
		{C22EE5FD-E1A8-4EB3-91BB-746FA509327D}.Release|Any CPU.ActiveCfg = Release|Any CPU
		{C22EE5FD-E1A8-4EB3-91BB-746FA509327D}.Release|Any CPU.Build.0 = Release|Any CPU
		{C22EE5FD-E1A8-4EB3-91BB-746FA509327D}.Release|x64.ActiveCfg = Release|Any CPU
		{C22EE5FD-E1A8-4EB3-91BB-746FA509327D}.Release|x64.Build.0 = Release|Any CPU
		{C22EE5FD-E1A8-4EB3-91BB-746FA509327D}.Release|x86.ActiveCfg = Release|Any CPU
		{C22EE5FD-E1A8-4EB3-91BB-746FA509327D}.Release|x86.Build.0 = Release|Any CPU
	EndGlobalSection
	GlobalSection(SolutionProperties) = preSolution
		HideSolutionNode = FALSE
	EndGlobalSection
	GlobalSection(NestedProjects) = preSolution
		{8B96468D-1D8F-F42C-605E-9122E8FB1888} = {C0127DB6-3CA8-EE98-7726-A4993E48C5D4}
		{E0B48B51-BB9C-4F1E-9BBA-59A2CAA187E1} = {8B96468D-1D8F-F42C-605E-9122E8FB1888}
		{069E4DFC-E592-47F2-B0CE-81AC8FFCBA6A} = {C0127DB6-3CA8-EE98-7726-A4993E48C5D4}
		{E4627033-A31F-4D2A-9136-B1827B9343B1} = {069E4DFC-E592-47F2-B0CE-81AC8FFCBA6A}
		{AE7FD07B-DBAE-493B-A785-795C3ABF2B3E} = {069E4DFC-E592-47F2-B0CE-81AC8FFCBA6A}
		{595F9563-3D59-26C6-A183-AAE7FE995856} = {C0127DB6-3CA8-EE98-7726-A4993E48C5D4}
		{EA6C2ECE-8EF7-450A-86B8-59526C56DB77} = {595F9563-3D59-26C6-A183-AAE7FE995856}
		{435C0A78-E316-46A1-AEBA-5DAF893C9B99} = {595F9563-3D59-26C6-A183-AAE7FE995856}
		{EBDC01E3-4FCA-49B5-9B33-9684E551AF28} = {595F9563-3D59-26C6-A183-AAE7FE995856}
		{2DF1F726-572A-CCB8-EC0E-4BC879039FDB} = {C0127DB6-3CA8-EE98-7726-A4993E48C5D4}
		{D33B7B0E-0DF3-4090-B0D7-C6DDE09A2CB2} = {2DF1F726-572A-CCB8-EC0E-4BC879039FDB}
		{15DF914E-E287-4B3C-8C3B-E6D90E7714AF} = {0260114B-CB37-D335-5094-0F745459894B}
		{469676B1-E590-4F44-B1C4-2C1419EBE579} = {4F52FD11-658E-A102-6CD3-7D7C16FFA15B}
		{033B2313-8B84-CDE7-CA7A-C1CABA4DB7EC} = {1CDB8257-D98E-AF38-204D-5645D4EEB404}
		{56435E91-0257-4C5B-BC4C-D0F85EDC8053} = {033B2313-8B84-CDE7-CA7A-C1CABA4DB7EC}
		{7D070139-CF15-09EB-1852-9C1DA3CA9AA9} = {1CDB8257-D98E-AF38-204D-5645D4EEB404}
		{774DA842-E8AF-44E0-8602-2D0F45DB9A3B} = {7D070139-CF15-09EB-1852-9C1DA3CA9AA9}
		{4AF7566A-7ED2-4752-9840-401472B39982} = {7D070139-CF15-09EB-1852-9C1DA3CA9AA9}
		{9D545741-9A20-2B69-6A87-0A01BDA284A7} = {1CDB8257-D98E-AF38-204D-5645D4EEB404}
		{46E25EF8-EEBC-425F-AFC8-521D9CD52174} = {9D545741-9A20-2B69-6A87-0A01BDA284A7}
		{1B57F0ED-8DFD-4EA3-AB25-45DA0A9F90C1} = {9D545741-9A20-2B69-6A87-0A01BDA284A7}
		{17939F30-3156-4D3B-8C9B-230B3DE5916F} = {9D545741-9A20-2B69-6A87-0A01BDA284A7}
		{5588339C-0354-0D06-D105-B20869705167} = {1CDB8257-D98E-AF38-204D-5645D4EEB404}
		{5779AD56-2231-4933-912A-426BC2A5CE8C} = {5588339C-0354-0D06-D105-B20869705167}
		{51702195-5E6C-D3AC-3559-6ED49D8B9E16} = {9DB7D0C4-B91E-195B-BB9B-5448D998264E}
		{A7463998-C402-446E-980B-C6A858095EF3} = {51702195-5E6C-D3AC-3559-6ED49D8B9E16}
		{F66F224E-7707-49A2-6D72-6FB0F6F9980C} = {9DB7D0C4-B91E-195B-BB9B-5448D998264E}
		{57E95B55-A519-4787-B3D6-51A8FB41497A} = {F66F224E-7707-49A2-6D72-6FB0F6F9980C}
		{9AB400F9-4522-40AB-85B6-345F5B4FB7F6} = {F66F224E-7707-49A2-6D72-6FB0F6F9980C}
		{AE94A0C4-40B4-4410-0E5E-779A36EB9384} = {9DB7D0C4-B91E-195B-BB9B-5448D998264E}
		{D5613A12-80D9-4A39-9EAC-4E61DAE85790} = {AE94A0C4-40B4-4410-0E5E-779A36EB9384}
		{9FAD60EB-F61E-41F3-A2A4-87A59D471869} = {AE94A0C4-40B4-4410-0E5E-779A36EB9384}
		{0CBDEE07-49D7-4584-9A77-3B70DDCCA947} = {AE94A0C4-40B4-4410-0E5E-779A36EB9384}
		{C6EA3377-6C69-8D74-64CC-6DE0197E9E88} = {9DB7D0C4-B91E-195B-BB9B-5448D998264E}
		{7DD50A54-62BB-49E2-ABCC-7195716C27A2} = {C6EA3377-6C69-8D74-64CC-6DE0197E9E88}
		{07EBAFAC-320A-547C-0632-B6305003D51B} = {0BAE62A9-2200-0262-2CB5-8EE825167370}
		{F297BEDC-24AA-48CB-BE76-C539318CDF7E} = {07EBAFAC-320A-547C-0632-B6305003D51B}
		{C8C56D90-4D59-2594-550C-F8283CAFF52C} = {0BAE62A9-2200-0262-2CB5-8EE825167370}
		{271669EF-936E-463E-A462-670F3FD1363E} = {C8C56D90-4D59-2594-550C-F8283CAFF52C}
		{B573C202-3907-4BF7-821F-82950D5FA004} = {C8C56D90-4D59-2594-550C-F8283CAFF52C}
		{3AA46567-1855-4E39-B032-C3EB6C419C86} = {0BAE62A9-2200-0262-2CB5-8EE825167370}
		{06FF27F2-F835-4FAB-A2DE-32611F1DB5A7} = {3AA46567-1855-4E39-B032-C3EB6C419C86}
		{1EC8674B-C088-46AB-AAEB-C319744FCEDD} = {3AA46567-1855-4E39-B032-C3EB6C419C86}
		{BBD2E6D5-59B7-45A1-98DD-B14DDAF099E4} = {3AA46567-1855-4E39-B032-C3EB6C419C86}
		{45669EE6-63B1-80F0-AAF0-D16826104A82} = {0BAE62A9-2200-0262-2CB5-8EE825167370}
		{EF7DA396-B165-4787-8F24-EC0719F90197} = {45669EE6-63B1-80F0-AAF0-D16826104A82}
		{8E1B4CFD-8C88-4174-BBF4-E0E2272D975F} = {4F52FD11-658E-A102-6CD3-7D7C16FFA15B}
		{F3B7DAD4-F71B-1E0D-2FD2-48D63C0D7885} = {5AE0A5B9-5AF4-DC15-99C6-BB1AFA64E2E6}
		{DFA6BBDE-9D6D-4C8A-B321-6CFAEDD5C9E0} = {F3B7DAD4-F71B-1E0D-2FD2-48D63C0D7885}
		{5F2E51F5-5986-6AE2-A0D1-A1CA6C371C32} = {5AE0A5B9-5AF4-DC15-99C6-BB1AFA64E2E6}
		{57C7020D-4485-42F1-9BAF-45D0582E485D} = {5F2E51F5-5986-6AE2-A0D1-A1CA6C371C32}
		{4B49AF75-8725-4DAB-A0BA-35B43BD95734} = {5F2E51F5-5986-6AE2-A0D1-A1CA6C371C32}
		{DEAC3AFA-29C7-9897-A55E-77B01E7B7743} = {5AE0A5B9-5AF4-DC15-99C6-BB1AFA64E2E6}
		{379D311F-C6F3-405A-BA94-620213D597F9} = {DEAC3AFA-29C7-9897-A55E-77B01E7B7743}
		{3C2D7A38-F75B-4532-9C2E-18A59D878672} = {DEAC3AFA-29C7-9897-A55E-77B01E7B7743}
		{BBF7249A-B3DB-4114-9D57-82BFDE9AA0F0} = {DEAC3AFA-29C7-9897-A55E-77B01E7B7743}
		{87918698-D596-A413-3C7B-7178F980D693} = {5AE0A5B9-5AF4-DC15-99C6-BB1AFA64E2E6}
		{C3EFCAE6-2AC4-4D2B-A18B-7771D67CD323} = {87918698-D596-A413-3C7B-7178F980D693}
		{893ADBF7-C93E-5855-0402-67C31A02E0A4} = {2C0108AB-5D27-61AE-3E27-841A964D9CD4}
		{54ED6ACC-6DE7-4499-BDD5-8E965B61A44D} = {893ADBF7-C93E-5855-0402-67C31A02E0A4}
		{0C2D965E-A99B-E72D-70CF-F0B07F234992} = {2C0108AB-5D27-61AE-3E27-841A964D9CD4}
		{470DAE1D-FEA4-44E7-87D3-B420C14B1EDD} = {0C2D965E-A99B-E72D-70CF-F0B07F234992}
		{36F4D0F7-C059-4F65-B3EC-CD38D442D004} = {0C2D965E-A99B-E72D-70CF-F0B07F234992}
		{DDCCA3F9-26FA-E41C-BC16-CBCE39BC2A37} = {2C0108AB-5D27-61AE-3E27-841A964D9CD4}
		{750586F4-1643-4A1B-BBA2-F288FD87A7F2} = {DDCCA3F9-26FA-E41C-BC16-CBCE39BC2A37}
		{1475A805-B9FB-4851-B4FE-B427AB1FC437} = {DDCCA3F9-26FA-E41C-BC16-CBCE39BC2A37}
		{E534911D-BFD2-4A33-AE6E-E66D8B6B026A} = {DDCCA3F9-26FA-E41C-BC16-CBCE39BC2A37}
		{6F6DA4C0-ED60-D313-6E96-48BAAD690A94} = {2C0108AB-5D27-61AE-3E27-841A964D9CD4}
		{C22EE5FD-E1A8-4EB3-91BB-746FA509327D} = {6F6DA4C0-ED60-D313-6E96-48BAAD690A94}
	EndGlobalSection
EndGlobal
